// !$*UTF8*$!
{
	archiveVersion = 1;
	classes = {
	};
	objectVersion = 55;
	objects = {

/* Begin PBXBuildFile section */
		1498D2341E8E89220040F4C2 /* GeneratedPluginRegistrant.m in Sources */ = {isa = PBXBuildFile; fileRef = 1498D2331E8E89220040F4C2 /* GeneratedPluginRegistrant.m */; };
		3B3967161E833CAA004F5970 /* AppFrameworkInfo.plist in Resources */ = {isa = PBXBuildFile; fileRef = 3B3967151E833CAA004F5970 /* AppFrameworkInfo.plist */; };
		97C146FC1CF9000F007C117D /* Main.storyboard in Resources */ = {isa = PBXBuildFile; fileRef = 97C146FA1CF9000F007C117D /* Main.storyboard */; };
		97C146FE1CF9000F007C117D /* Assets.xcassets in Resources */ = {isa = PBXBuildFile; fileRef = 97C146FD1CF9000F007C117D /* Assets.xcassets */; };
		97C147011CF9000F007C117D /* LaunchScreen.storyboard in Resources */ = {isa = PBXBuildFile; fileRef = 97C146FF1CF9000F007C117D /* LaunchScreen.storyboard */; };
		BA0ABB99FD2CF49D29B836FF /* Pods_Runner.framework in Frameworks */ = {isa = PBXBuildFile; fileRef = 52615FB547141B1943BE06D7 /* Pods_Runner.framework */; };
		D1A2D86E2B3A7A5A006FD3D8 /* GoogleService-Info.plist in Resources */ = {isa = PBXBuildFile; fileRef = D1A2D86D2B3A7A5A006FD3D8 /* GoogleService-Info.plist */; };
		D1A2D87E2B3C01AC006FD3D8 /* QiaolzSDK.xcframework in Frameworks */ = {isa = PBXBuildFile; fileRef = D1A2D87C2B3C0194006FD3D8 /* QiaolzSDK.xcframework */; };
		D1A2D87F2B3C01AC006FD3D8 /* QiaolzSDK.xcframework in Embed Frameworks */ = {isa = PBXBuildFile; fileRef = D1A2D87C2B3C0194006FD3D8 /* QiaolzSDK.xcframework */; settings = {ATTRIBUTES = (CodeSignOnCopy, RemoveHeadersOnCopy, ); }; };
		D1B0E9D52B2295C80029A735 /* main.m in Sources */ = {isa = PBXBuildFile; fileRef = D1B0E9D42B2295C80029A735 /* main.m */; };
		D1B0E9D72B2295DA0029A735 /* AppDelegate.m in Sources */ = {isa = PBXBuildFile; fileRef = D1B0E9D62B2295DA0029A735 /* AppDelegate.m */; };
		D1C0B97F2B44862E00FB0E41 /* QiaolzSDK.bundle in Resources */ = {isa = PBXBuildFile; fileRef = D1C0B97E2B44862E00FB0E41 /* QiaolzSDK.bundle */; };
/* End PBXBuildFile section */

/* Begin PBXCopyFilesBuildPhase section */
		D1AA30852B18A2A700B82CAE /* Embed PlugIns */ = {
			isa = PBXCopyFilesBuildPhase;
			buildActionMask = 2147483647;
			dstPath = "";
			dstSubfolderSpec = 13;
			files = (
			);
			name = "Embed PlugIns";
			runOnlyForDeploymentPostprocessing = 0;
		};
		D1B3BD4E2B14D24900A14EB9 /* Embed Frameworks */ = {
			isa = PBXCopyFilesBuildPhase;
			buildActionMask = 2147483647;
			dstPath = "";
			dstSubfolderSpec = 10;
			files = (
				D1A2D87F2B3C01AC006FD3D8 /* QiaolzSDK.xcframework in Embed Frameworks */,
			);
			name = "Embed Frameworks";
			runOnlyForDeploymentPostprocessing = 0;
		};
/* End PBXCopyFilesBuildPhase section */

/* Begin PBXFileReference section */
		1498D2321E8E86230040F4C2 /* GeneratedPluginRegistrant.h */ = {isa = PBXFileReference; lastKnownFileType = sourcecode.c.h; path = GeneratedPluginRegistrant.h; sourceTree = "<group>"; };
		1498D2331E8E89220040F4C2 /* GeneratedPluginRegistrant.m */ = {isa = PBXFileReference; fileEncoding = 4; lastKnownFileType = sourcecode.c.objc; path = GeneratedPluginRegistrant.m; sourceTree = "<group>"; };
		216FE068B539EF4CC1CB5DD0 /* Pods-Runner.debug.xcconfig */ = {isa = PBXFileReference; includeInIndex = 1; lastKnownFileType = text.xcconfig; name = "Pods-Runner.debug.xcconfig"; path = "Target Support Files/Pods-Runner/Pods-Runner.debug.xcconfig"; sourceTree = "<group>"; };
		3B3967151E833CAA004F5970 /* AppFrameworkInfo.plist */ = {isa = PBXFileReference; fileEncoding = 4; lastKnownFileType = text.plist.xml; name = AppFrameworkInfo.plist; path = Flutter/AppFrameworkInfo.plist; sourceTree = "<group>"; };
		52615FB547141B1943BE06D7 /* Pods_Runner.framework */ = {isa = PBXFileReference; explicitFileType = wrapper.framework; includeInIndex = 0; path = Pods_Runner.framework; sourceTree = BUILT_PRODUCTS_DIR; };
		6C483461E15A4ACAE2ED4364 /* Pods-Runner.profile.xcconfig */ = {isa = PBXFileReference; includeInIndex = 1; lastKnownFileType = text.xcconfig; name = "Pods-Runner.profile.xcconfig"; path = "Target Support Files/Pods-Runner/Pods-Runner.profile.xcconfig"; sourceTree = "<group>"; };
		7AFA3C8E1D35360C0083082E /* Release.xcconfig */ = {isa = PBXFileReference; lastKnownFileType = text.xcconfig; name = Release.xcconfig; path = Flutter/Release.xcconfig; sourceTree = "<group>"; };
		9740EEB21CF90195004384FC /* Debug.xcconfig */ = {isa = PBXFileReference; fileEncoding = 4; lastKnownFileType = text.xcconfig; name = Debug.xcconfig; path = Flutter/Debug.xcconfig; sourceTree = "<group>"; };
		9740EEB31CF90195004384FC /* Generated.xcconfig */ = {isa = PBXFileReference; fileEncoding = 4; lastKnownFileType = text.xcconfig; name = Generated.xcconfig; path = Flutter/Generated.xcconfig; sourceTree = "<group>"; };
		97C146EE1CF9000F007C117D /* Runner.app */ = {isa = PBXFileReference; explicitFileType = wrapper.application; includeInIndex = 0; path = Runner.app; sourceTree = BUILT_PRODUCTS_DIR; };
		97C146FB1CF9000F007C117D /* Base */ = {isa = PBXFileReference; lastKnownFileType = file.storyboard; name = Base; path = Base.lproj/Main.storyboard; sourceTree = "<group>"; };
		97C146FD1CF9000F007C117D /* Assets.xcassets */ = {isa = PBXFileReference; lastKnownFileType = folder.assetcatalog; path = Assets.xcassets; sourceTree = "<group>"; };
		97C147001CF9000F007C117D /* Base */ = {isa = PBXFileReference; lastKnownFileType = file.storyboard; name = Base; path = Base.lproj/LaunchScreen.storyboard; sourceTree = "<group>"; };
		97C147021CF9000F007C117D /* Info.plist */ = {isa = PBXFileReference; lastKnownFileType = text.plist.xml; path = Info.plist; sourceTree = "<group>"; };
		B3B6312EB5B7EB3EF4897BAD /* Pods-Runner.release.xcconfig */ = {isa = PBXFileReference; includeInIndex = 1; lastKnownFileType = text.xcconfig; name = "Pods-Runner.release.xcconfig"; path = "Target Support Files/Pods-Runner/Pods-Runner.release.xcconfig"; sourceTree = "<group>"; };
		D1833A662B1A4106003214E5 /* Runner.entitlements */ = {isa = PBXFileReference; fileEncoding = 4; lastKnownFileType = text.plist.entitlements; path = Runner.entitlements; sourceTree = "<group>"; };
		D1A2D86D2B3A7A5A006FD3D8 /* GoogleService-Info.plist */ = {isa = PBXFileReference; fileEncoding = 4; lastKnownFileType = text.plist.xml; path = "GoogleService-Info.plist"; sourceTree = "<group>"; };
		D1A2D87C2B3C0194006FD3D8 /* QiaolzSDK.xcframework */ = {isa = PBXFileReference; lastKnownFileType = wrapper.xcframework; path = QiaolzSDK.xcframework; sourceTree = "<group>"; };
		D1B0E9D42B2295C80029A735 /* main.m */ = {isa = PBXFileReference; fileEncoding = 4; lastKnownFileType = sourcecode.c.objc; path = main.m; sourceTree = "<group>"; };
		D1B0E9D62B2295DA0029A735 /* AppDelegate.m */ = {isa = PBXFileReference; fileEncoding = 4; lastKnownFileType = sourcecode.c.objc; path = AppDelegate.m; sourceTree = "<group>"; };
		D1B0E9D92B22962D0029A735 /* AppDelegate.h */ = {isa = PBXFileReference; lastKnownFileType = sourcecode.c.h; path = AppDelegate.h; sourceTree = "<group>"; };
		D1B3BD8B2B14EB1600A14EB9 /* Runner-Bridging-Header.h */ = {isa = PBXFileReference; lastKnownFileType = sourcecode.c.h; path = "Runner-Bridging-Header.h"; sourceTree = "<group>"; };
		D1C0B97E2B44862E00FB0E41 /* QiaolzSDK.bundle */ = {isa = PBXFileReference; lastKnownFileType = "wrapper.plug-in"; name = QiaolzSDK.bundle; path = "../../../../../Downloads/Qiaolz iOS 10/SDKDemo/SDKDemo/QiaolzSDK.bundle"; sourceTree = "<group>"; };
/* End PBXFileReference section */

/* Begin PBXFrameworksBuildPhase section */
		97C146EB1CF9000F007C117D /* Frameworks */ = {
			isa = PBXFrameworksBuildPhase;
			buildActionMask = 2147483647;
			files = (
				D1A2D87E2B3C01AC006FD3D8 /* QiaolzSDK.xcframework in Frameworks */,
				BA0ABB99FD2CF49D29B836FF /* Pods_Runner.framework in Frameworks */,
			);
			runOnlyForDeploymentPostprocessing = 0;
		};
/* End PBXFrameworksBuildPhase section */

/* Begin PBXGroup section */
		348F7FF2171D01627581619B /* Pods */ = {
			isa = PBXGroup;
			children = (
				216FE068B539EF4CC1CB5DD0 /* Pods-Runner.debug.xcconfig */,
				B3B6312EB5B7EB3EF4897BAD /* Pods-Runner.release.xcconfig */,
				6C483461E15A4ACAE2ED4364 /* Pods-Runner.profile.xcconfig */,
			);
			path = Pods;
			sourceTree = "<group>";
		};
		9740EEB11CF90186004384FC /* Flutter */ = {
			isa = PBXGroup;
			children = (
				3B3967151E833CAA004F5970 /* AppFrameworkInfo.plist */,
				9740EEB21CF90195004384FC /* Debug.xcconfig */,
				7AFA3C8E1D35360C0083082E /* Release.xcconfig */,
				9740EEB31CF90195004384FC /* Generated.xcconfig */,
			);
			name = Flutter;
			sourceTree = "<group>";
		};
		97C146E51CF9000F007C117D = {
			isa = PBXGroup;
			children = (
				9740EEB11CF90186004384FC /* Flutter */,
				97C146F01CF9000F007C117D /* Runner */,
				97C146EF1CF9000F007C117D /* Products */,
				348F7FF2171D01627581619B /* Pods */,
			);
			sourceTree = "<group>";
		};
		97C146EF1CF9000F007C117D /* Products */ = {
			isa = PBXGroup;
			children = (
				97C146EE1CF9000F007C117D /* Runner.app */,
			);
			name = Products;
			sourceTree = "<group>";
		};
		97C146F01CF9000F007C117D /* Runner */ = {
			isa = PBXGroup;
			children = (
				D1C0B97E2B44862E00FB0E41 /* QiaolzSDK.bundle */,
				D1A2D86D2B3A7A5A006FD3D8 /* GoogleService-Info.plist */,
				D1B0E9D62B2295DA0029A735 /* AppDelegate.m */,
				D1B0E9D42B2295C80029A735 /* main.m */,
				D1833A662B1A4106003214E5 /* Runner.entitlements */,
				97C146FA1CF9000F007C117D /* Main.storyboard */,
				97C146FD1CF9000F007C117D /* Assets.xcassets */,
				F3E225AD8233195F21E27797 /* Frameworks */,
				97C146FF1CF9000F007C117D /* LaunchScreen.storyboard */,
				97C147021CF9000F007C117D /* Info.plist */,
				1498D2321E8E86230040F4C2 /* GeneratedPluginRegistrant.h */,
				D1B3BD8B2B14EB1600A14EB9 /* Runner-Bridging-Header.h */,
				1498D2331E8E89220040F4C2 /* GeneratedPluginRegistrant.m */,
				D1B0E9D92B22962D0029A735 /* AppDelegate.h */,
			);
			path = Runner;
			sourceTree = "<group>";
		};
		F3E225AD8233195F21E27797 /* Frameworks */ = {
			isa = PBXGroup;
			children = (
				D1A2D87C2B3C0194006FD3D8 /* QiaolzSDK.xcframework */,
				52615FB547141B1943BE06D7 /* Pods_Runner.framework */,
			);
			name = Frameworks;
			path = ..;
			sourceTree = "<group>";
		};
/* End PBXGroup section */

/* Begin PBXNativeTarget section */
		97C146ED1CF9000F007C117D /* Runner */ = {
			isa = PBXNativeTarget;
			buildConfigurationList = 97C147051CF9000F007C117D /* Build configuration list for PBXNativeTarget "Runner" */;
			buildPhases = (
				6D75C945684DE3B5142D28B8 /* [CP] Check Pods Manifest.lock */,
				9740EEB61CF901F6004384FC /* Run Script */,
				97C146EC1CF9000F007C117D /* Resources */,
				C06EFEC0F9D8652C9DCFF766 /* [CP] Embed Pods Frameworks */,
				97C146EA1CF9000F007C117D /* Sources */,
				D1B3BD4E2B14D24900A14EB9 /* Embed Frameworks */,
				97C146EB1CF9000F007C117D /* Frameworks */,
				D1AA30852B18A2A700B82CAE /* Embed PlugIns */,
				3B06AD1E1E4923F5004D2608 /* Thin Binary */,
				62001E6DF5DB4F9D7B15B980 /* [CP] Copy Pods Resources */,
			);
			buildRules = (
			);
			dependencies = (
			);
			name = Runner;
			productName = Runner;
			productReference = 97C146EE1CF9000F007C117D /* Runner.app */;
			productType = "com.apple.product-type.application";
		};
/* End PBXNativeTarget section */

/* Begin PBXProject section */
		97C146E61CF9000F007C117D /* Project object */ = {
			isa = PBXProject;
			attributes = {
				BuildIndependentTargetsInParallel = YES;
				LastUpgradeCheck = 1430;
				ORGANIZATIONNAME = "";
				TargetAttributes = {
					97C146ED1CF9000F007C117D = {
						CreatedOnToolsVersion = 7.3.1;
						LastSwiftMigration = 1100;
					};
				};
			};
			buildConfigurationList = 97C146E91CF9000F007C117D /* Build configuration list for PBXProject "Runner" */;
			compatibilityVersion = "Xcode 13.0";
			developmentRegion = en;
			hasScannedForEncodings = 0;
			knownRegions = (
				en,
				Base,
			);
			mainGroup = 97C146E51CF9000F007C117D;
			productRefGroup = 97C146EF1CF9000F007C117D /* Products */;
			projectDirPath = "";
			projectRoot = "";
			targets = (
				97C146ED1CF9000F007C117D /* Runner */,
			);
		};
/* End PBXProject section */

/* Begin PBXResourcesBuildPhase section */
		97C146EC1CF9000F007C117D /* Resources */ = {
			isa = PBXResourcesBuildPhase;
			buildActionMask = 2147483647;
			files = (
				D1A2D86E2B3A7A5A006FD3D8 /* GoogleService-Info.plist in Resources */,
				97C147011CF9000F007C117D /* LaunchScreen.storyboard in Resources */,
				D1C0B97F2B44862E00FB0E41 /* QiaolzSDK.bundle in Resources */,
				3B3967161E833CAA004F5970 /* AppFrameworkInfo.plist in Resources */,
				97C146FE1CF9000F007C117D /* Assets.xcassets in Resources */,
				97C146FC1CF9000F007C117D /* Main.storyboard in Resources */,
			);
			runOnlyForDeploymentPostprocessing = 0;
		};
/* End PBXResourcesBuildPhase section */

/* Begin PBXShellScriptBuildPhase section */
		3B06AD1E1E4923F5004D2608 /* Thin Binary */ = {
			isa = PBXShellScriptBuildPhase;
			alwaysOutOfDate = 1;
			buildActionMask = 2147483647;
			files = (
			);
			inputPaths = (
				"${TARGET_BUILD_DIR}/${INFOPLIST_PATH}",
			);
			name = "Thin Binary";
			outputPaths = (
			);
			runOnlyForDeploymentPostprocessing = 0;
			shellPath = /bin/sh;
			shellScript = "/bin/sh \"$FLUTTER_ROOT/packages/flutter_tools/bin/xcode_backend.sh\" embed_and_thin\n";
		};
		62001E6DF5DB4F9D7B15B980 /* [CP] Copy Pods Resources */ = {
			isa = PBXShellScriptBuildPhase;
			buildActionMask = 2147483647;
			files = (
			);
			inputFileListPaths = (
				"${PODS_ROOT}/Target Support Files/Pods-Runner/Pods-Runner-resources-${CONFIGURATION}-input-files.xcfilelist",
			);
			name = "[CP] Copy Pods Resources";
			outputFileListPaths = (
				"${PODS_ROOT}/Target Support Files/Pods-Runner/Pods-Runner-resources-${CONFIGURATION}-output-files.xcfilelist",
			);
			runOnlyForDeploymentPostprocessing = 0;
			shellPath = /bin/sh;
			shellScript = "\"${PODS_ROOT}/Target Support Files/Pods-Runner/Pods-Runner-resources.sh\"\n";
			showEnvVarsInLog = 0;
		};
		6D75C945684DE3B5142D28B8 /* [CP] Check Pods Manifest.lock */ = {
			isa = PBXShellScriptBuildPhase;
			buildActionMask = 2147483647;
			files = (
			);
			inputFileListPaths = (
			);
			inputPaths = (
				"${PODS_PODFILE_DIR_PATH}/Podfile.lock",
				"${PODS_ROOT}/Manifest.lock",
			);
			name = "[CP] Check Pods Manifest.lock";
			outputFileListPaths = (
			);
			outputPaths = (
				"$(DERIVED_FILE_DIR)/Pods-Runner-checkManifestLockResult.txt",
			);
			runOnlyForDeploymentPostprocessing = 0;
			shellPath = /bin/sh;
			shellScript = "diff \"${PODS_PODFILE_DIR_PATH}/Podfile.lock\" \"${PODS_ROOT}/Manifest.lock\" > /dev/null\nif [ $? != 0 ] ; then\n    # print error to STDERR\n    echo \"error: The sandbox is not in sync with the Podfile.lock. Run 'pod install' or update your CocoaPods installation.\" >&2\n    exit 1\nfi\n# This output is used by Xcode 'outputs' to avoid re-running this script phase.\necho \"SUCCESS\" > \"${SCRIPT_OUTPUT_FILE_0}\"\n";
			showEnvVarsInLog = 0;
		};
		9740EEB61CF901F6004384FC /* Run Script */ = {
			isa = PBXShellScriptBuildPhase;
			alwaysOutOfDate = 1;
			buildActionMask = 2147483647;
			files = (
			);
			inputPaths = (
			);
			name = "Run Script";
			outputPaths = (
			);
			runOnlyForDeploymentPostprocessing = 0;
			shellPath = /bin/sh;
			shellScript = "/bin/sh \"$FLUTTER_ROOT/packages/flutter_tools/bin/xcode_backend.sh\" build\n";
		};
		C06EFEC0F9D8652C9DCFF766 /* [CP] Embed Pods Frameworks */ = {
			isa = PBXShellScriptBuildPhase;
			buildActionMask = 12;
			files = (
			);
			inputFileListPaths = (
				"${PODS_ROOT}/Target Support Files/Pods-Runner/Pods-Runner-frameworks-${CONFIGURATION}-input-files.xcfilelist",
			);
			name = "[CP] Embed Pods Frameworks";
			outputFileListPaths = (
				"${PODS_ROOT}/Target Support Files/Pods-Runner/Pods-Runner-frameworks-${CONFIGURATION}-output-files.xcfilelist",
			);
			runOnlyForDeploymentPostprocessing = 0;
			shellPath = /bin/sh;
			shellScript = "\"${PODS_ROOT}/Target Support Files/Pods-Runner/Pods-Runner-frameworks.sh\"\n";
			showEnvVarsInLog = 0;
		};
/* End PBXShellScriptBuildPhase section */

/* Begin PBXSourcesBuildPhase section */
		97C146EA1CF9000F007C117D /* Sources */ = {
			isa = PBXSourcesBuildPhase;
			buildActionMask = 2147483647;
			files = (
				D1B0E9D52B2295C80029A735 /* main.m in Sources */,
				1498D2341E8E89220040F4C2 /* GeneratedPluginRegistrant.m in Sources */,
				D1B0E9D72B2295DA0029A735 /* AppDelegate.m in Sources */,
			);
			runOnlyForDeploymentPostprocessing = 0;
		};
/* End PBXSourcesBuildPhase section */

/* Begin PBXVariantGroup section */
		97C146FA1CF9000F007C117D /* Main.storyboard */ = {
			isa = PBXVariantGroup;
			children = (
				97C146FB1CF9000F007C117D /* Base */,
			);
			name = Main.storyboard;
			sourceTree = "<group>";
		};
		97C146FF1CF9000F007C117D /* LaunchScreen.storyboard */ = {
			isa = PBXVariantGroup;
			children = (
				97C147001CF9000F007C117D /* Base */,
			);
			name = LaunchScreen.storyboard;
			sourceTree = "<group>";
		};
/* End PBXVariantGroup section */

/* Begin XCBuildConfiguration section */
		249021D3217E4FDB00AE95B9 /* Profile */ = {
			isa = XCBuildConfiguration;
			buildSettings = {
				ALWAYS_SEARCH_USER_PATHS = NO;
				ASSETCATALOG_COMPILER_GENERATE_SWIFT_ASSET_SYMBOL_EXTENSIONS = YES;
				CLANG_ANALYZER_NONNULL = YES;
				CLANG_CXX_LANGUAGE_STANDARD = "gnu++0x";
				CLANG_CXX_LIBRARY = "libc++";
				CLANG_ENABLE_MODULES = YES;
				CLANG_ENABLE_OBJC_ARC = YES;
				CLANG_WARN_BLOCK_CAPTURE_AUTORELEASING = YES;
				CLANG_WARN_BOOL_CONVERSION = YES;
				CLANG_WARN_COMMA = YES;
				CLANG_WARN_CONSTANT_CONVERSION = YES;
				CLANG_WARN_DEPRECATED_OBJC_IMPLEMENTATIONS = YES;
				CLANG_WARN_DIRECT_OBJC_ISA_USAGE = YES_ERROR;
				CLANG_WARN_EMPTY_BODY = YES;
				CLANG_WARN_ENUM_CONVERSION = YES;
				CLANG_WARN_INFINITE_RECURSION = YES;
				CLANG_WARN_INT_CONVERSION = YES;
				CLANG_WARN_NON_LITERAL_NULL_CONVERSION = YES;
				CLANG_WARN_OBJC_IMPLICIT_RETAIN_SELF = YES;
				CLANG_WARN_OBJC_LITERAL_CONVERSION = YES;
				CLANG_WARN_OBJC_ROOT_CLASS = YES_ERROR;
				CLANG_WARN_QUOTED_INCLUDE_IN_FRAMEWORK_HEADER = YES;
				CLANG_WARN_RANGE_LOOP_ANALYSIS = YES;
				CLANG_WARN_STRICT_PROTOTYPES = YES;
				CLANG_WARN_SUSPICIOUS_MOVE = YES;
				CLANG_WARN_UNREACHABLE_CODE = YES;
				CLANG_WARN__DUPLICATE_METHOD_MATCH = YES;
				"CODE_SIGN_IDENTITY[sdk=iphoneos*]" = "iPhone Developer";
				COPY_PHASE_STRIP = NO;
				DEBUG_INFORMATION_FORMAT = "dwarf-with-dsym";
				ENABLE_NS_ASSERTIONS = NO;
				ENABLE_STRICT_OBJC_MSGSEND = YES;
				ENABLE_USER_SCRIPT_SANDBOXING = YES;
				GCC_C_LANGUAGE_STANDARD = gnu99;
				GCC_NO_COMMON_BLOCKS = YES;
				GCC_WARN_64_TO_32_BIT_CONVERSION = YES;
				GCC_WARN_ABOUT_RETURN_TYPE = YES_ERROR;
				GCC_WARN_UNDECLARED_SELECTOR = YES;
				GCC_WARN_UNINITIALIZED_AUTOS = YES_AGGRESSIVE;
				GCC_WARN_UNUSED_FUNCTION = YES;
				GCC_WARN_UNUSED_VARIABLE = YES;
				IPHONEOS_DEPLOYMENT_TARGET = 15.0;
				MTL_ENABLE_DEBUG_INFO = NO;
				ONLY_ACTIVE_ARCH = YES;
				SDKROOT = iphoneos;
				SUPPORTED_PLATFORMS = iphoneos;
				TARGETED_DEVICE_FAMILY = "1,2";
				VALIDATE_PRODUCT = YES;
			};
			name = Profile;
		};
		249021D4217E4FDB00AE95B9 /* Profile */ = {
			isa = XCBuildConfiguration;
			baseConfigurationReference = 7AFA3C8E1D35360C0083082E /* Release.xcconfig */;
			buildSettings = {
				ASSETCATALOG_COMPILER_APPICON_NAME = AppIcon;
				CLANG_ENABLE_MODULES = YES;
				CLANG_X86_VECTOR_INSTRUCTIONS = default;
				CODE_SIGN_ENTITLEMENTS = Runner/Runner.entitlements;
				CURRENT_PROJECT_VERSION = 133;
				DEVELOPMENT_TEAM = 8635BL2DV6;
				ENABLE_BITCODE = NO;
				ENABLE_USER_SCRIPT_SANDBOXING = NO;
				FRAMEWORK_SEARCH_PATHS = (
					"$(inherited)",
					"\"${PODS_CONFIGURATION_BUILD_DIR}/AFNetworking\"",
					"\"${PODS_CONFIGURATION_BUILD_DIR}/AppAuth\"",
					"\"${PODS_CONFIGURATION_BUILD_DIR}/DKImagePickerController\"",
					"\"${PODS_CONFIGURATION_BUILD_DIR}/DKPhotoGallery\"",
					"\"${PODS_CONFIGURATION_BUILD_DIR}/FMDB\"",
					"\"${PODS_CONFIGURATION_BUILD_DIR}/FirebaseAppCheckInterop\"",
					"\"${PODS_CONFIGURATION_BUILD_DIR}/FirebaseAuth\"",
					"\"${PODS_CONFIGURATION_BUILD_DIR}/FirebaseCore\"",
					"\"${PODS_CONFIGURATION_BUILD_DIR}/FirebaseCoreInternal\"",
					"\"${PODS_CONFIGURATION_BUILD_DIR}/FirebaseDynamicLinks\"",
					"\"${PODS_CONFIGURATION_BUILD_DIR}/FirebaseInstallations\"",
					"\"${PODS_CONFIGURATION_BUILD_DIR}/FirebaseMessaging\"",
					"\"${PODS_CONFIGURATION_BUILD_DIR}/GTMAppAuth\"",
					"\"${PODS_CONFIGURATION_BUILD_DIR}/GTMSessionFetcher\"",
					"\"${PODS_CONFIGURATION_BUILD_DIR}/GoogleDataTransport\"",
					"\"${PODS_CONFIGURATION_BUILD_DIR}/GoogleSignIn\"",
					"\"${PODS_CONFIGURATION_BUILD_DIR}/GoogleUtilities\"",
					"\"${PODS_CONFIGURATION_BUILD_DIR}/MTBBarcodeScanner\"",
					"\"${PODS_CONFIGURATION_BUILD_DIR}/Masonry\"",
					"\"${PODS_CONFIGURATION_BUILD_DIR}/OrderedSet\"",
					"\"${PODS_CONFIGURATION_BUILD_DIR}/PromisesObjC\"",
					"\"${PODS_CONFIGURATION_BUILD_DIR}/Protobuf\"",
					"\"${PODS_CONFIGURATION_BUILD_DIR}/RecaptchaInterop\"",
					"\"${PODS_CONFIGURATION_BUILD_DIR}/SDWebImage\"",
					"\"${PODS_CONFIGURATION_BUILD_DIR}/SwiftyGif\"",
					"\"${PODS_CONFIGURATION_BUILD_DIR}/Toast\"",
					"\"${PODS_CONFIGURATION_BUILD_DIR}/camera\"",
					"\"${PODS_CONFIGURATION_BUILD_DIR}/device_info_plus\"",
					"\"${PODS_CONFIGURATION_BUILD_DIR}/email_launcher\"",
					"\"${PODS_CONFIGURATION_BUILD_DIR}/facebook_app_events\"",
					"\"${PODS_CONFIGURATION_BUILD_DIR}/file_picker\"",
					"\"${PODS_CONFIGURATION_BUILD_DIR}/firebase_analytics\"",
					"\"${PODS_CONFIGURATION_BUILD_DIR}/firebase_auth\"",
					"\"${PODS_CONFIGURATION_BUILD_DIR}/firebase_core\"",
					"\"${PODS_CONFIGURATION_BUILD_DIR}/firebase_dynamic_links\"",
					"\"${PODS_CONFIGURATION_BUILD_DIR}/firebase_installations\"",
					"\"${PODS_CONFIGURATION_BUILD_DIR}/firebase_messaging\"",
					"\"${PODS_CONFIGURATION_BUILD_DIR}/flutter_app_badger\"",
					"\"${PODS_CONFIGURATION_BUILD_DIR}/flutter_blue_plus\"",
					"\"${PODS_CONFIGURATION_BUILD_DIR}/flutter_inappwebview\"",
					"\"${PODS_CONFIGURATION_BUILD_DIR}/flutter_local_notifications\"",
					"\"${PODS_CONFIGURATION_BUILD_DIR}/flutter_localization\"",
					"\"${PODS_CONFIGURATION_BUILD_DIR}/fluttertoast\"",
					"\"${PODS_CONFIGURATION_BUILD_DIR}/geocoding_ios\"",
					"\"${PODS_CONFIGURATION_BUILD_DIR}/geolocator_apple\"",
					"\"${PODS_CONFIGURATION_BUILD_DIR}/google_maps_flutter_ios\"",
					"\"${PODS_CONFIGURATION_BUILD_DIR}/google_sign_in_ios\"",
					"\"${PODS_CONFIGURATION_BUILD_DIR}/health\"",
					"\"${PODS_CONFIGURATION_BUILD_DIR}/image_editor_common\"",
					"\"${PODS_CONFIGURATION_BUILD_DIR}/image_picker_ios\"",
					"\"${PODS_CONFIGURATION_BUILD_DIR}/integration_test\"",
					"\"${PODS_CONFIGURATION_BUILD_DIR}/map_launcher\"",
					"\"${PODS_CONFIGURATION_BUILD_DIR}/nanopb\"",
					"\"${PODS_CONFIGURATION_BUILD_DIR}/package_info_plus\"",
					"\"${PODS_CONFIGURATION_BUILD_DIR}/path_provider_foundation\"",
					"\"${PODS_CONFIGURATION_BUILD_DIR}/permission_handler_apple\"",
					"\"${PODS_CONFIGURATION_BUILD_DIR}/qr_code_scanner\"",
					"\"${PODS_CONFIGURATION_BUILD_DIR}/share_plus\"",
					"\"${PODS_CONFIGURATION_BUILD_DIR}/shared_preferences_foundation\"",
					"\"${PODS_CONFIGURATION_BUILD_DIR}/sqflite\"",
					"\"${PODS_CONFIGURATION_BUILD_DIR}/store_redirect\"",
					"\"${PODS_CONFIGURATION_BUILD_DIR}/syncfusion_flutter_pdfviewer\"",
					"\"${PODS_CONFIGURATION_BUILD_DIR}/uni_links\"",
					"\"${PODS_CONFIGURATION_BUILD_DIR}/url_launcher_ios\"",
					"\"${PODS_CONFIGURATION_BUILD_DIR}/video_compress\"",
					"\"${PODS_CONFIGURATION_BUILD_DIR}/video_player_avfoundation\"",
					"\"${PODS_CONFIGURATION_BUILD_DIR}/webview_flutter_wkwebview\"",
					"\"${PODS_ROOT}/FBAEMKit/XCFrameworks\"",
					"\"${PODS_ROOT}/FBAudienceNetwork/Static\"",
					"\"${PODS_ROOT}/FBSDKCoreKit/XCFrameworks\"",
					"\"${PODS_ROOT}/FBSDKCoreKit_Basics/XCFrameworks\"",
					"\"${PODS_ROOT}/FirebaseAnalytics/Frameworks\"",
					"\"${PODS_ROOT}/FirebaseFirestore/FirebaseFirestore\"",
					"\"${PODS_ROOT}/GoogleAppMeasurement/Frameworks\"",
					"\"${PODS_ROOT}/GoogleMaps/Base/Frameworks\"",
					"\"${PODS_ROOT}/GoogleMaps/Maps/Frameworks\"",
					"\"${PODS_XCFRAMEWORKS_BUILD_DIR}/FBAEMKit\"",
					"\"${PODS_XCFRAMEWORKS_BUILD_DIR}/FBAudienceNetwork\"",
					"\"${PODS_XCFRAMEWORKS_BUILD_DIR}/FBSDKCoreKit\"",
					"\"${PODS_XCFRAMEWORKS_BUILD_DIR}/FBSDKCoreKit_Basics\"",
					"\"${PODS_XCFRAMEWORKS_BUILD_DIR}/FirebaseAnalytics/AdIdSupport\"",
					"\"${PODS_XCFRAMEWORKS_BUILD_DIR}/FirebaseFirestore/Base\"",
					"\"${PODS_XCFRAMEWORKS_BUILD_DIR}/FirebaseFirestore/WithLeveldb\"",
					"\"${PODS_XCFRAMEWORKS_BUILD_DIR}/GoogleAppMeasurement/AdIdSupport\"",
					"\"${PODS_XCFRAMEWORKS_BUILD_DIR}/GoogleAppMeasurement/WithoutAdIdSupport\"",
					"\"${PODS_XCFRAMEWORKS_BUILD_DIR}/GoogleMaps/Base\"",
					"\"${PODS_XCFRAMEWORKS_BUILD_DIR}/GoogleMaps/Maps\"",
					"$(PROJECT_DIR)",
				);
				GCC_NO_COMMON_BLOCKS = YES;
				INFOPLIST_FILE = Runner/Info.plist;
				IPHONEOS_DEPLOYMENT_TARGET = 15.0;
				LD_RUNPATH_SEARCH_PATHS = (
					"$(inherited)",
					"@executable_path/Frameworks",
				);
				LIBRARY_SEARCH_PATHS = (
					"$(inherited)",
					"$(PROJECT_DIR)/Runner",
					"$(PROJECT_DIR)",
					"/Users/firaz/Documents/FlutterProjects/tdlabs/ios/Runner/libPods-SDKDemo.a",
				);
				MARKETING_VERSION = 30.3;
				ONLY_ACTIVE_ARCH = NO;
				PRODUCT_BUNDLE_IDENTIFIER = com.tedainternational.tdlabs;
				PRODUCT_NAME = "$(TARGET_NAME)";
				SUPPORTED_PLATFORMS = "iphoneos iphonesimulator";
				SUPPORTS_MACCATALYST = NO;
				SUPPORTS_MAC_DESIGNED_FOR_IPHONE_IPAD = NO;
				SWIFT_OBJC_BRIDGING_HEADER = "Runner/Runner-Bridging-Header.h";
				SWIFT_VERSION = 5.0;
				TARGETED_DEVICE_FAMILY = "1,2";
				VERSIONING_SYSTEM = "apple-generic";
			};
			name = Profile;
		};
		97C147031CF9000F007C117D /* Debug */ = {
			isa = XCBuildConfiguration;
			buildSettings = {
				ALWAYS_SEARCH_USER_PATHS = NO;
				ASSETCATALOG_COMPILER_GENERATE_SWIFT_ASSET_SYMBOL_EXTENSIONS = YES;
				CLANG_ANALYZER_NONNULL = YES;
				CLANG_CXX_LANGUAGE_STANDARD = "gnu++0x";
				CLANG_CXX_LIBRARY = "libc++";
				CLANG_ENABLE_MODULES = YES;
				CLANG_ENABLE_OBJC_ARC = YES;
				CLANG_WARN_BLOCK_CAPTURE_AUTORELEASING = YES;
				CLANG_WARN_BOOL_CONVERSION = YES;
				CLANG_WARN_COMMA = YES;
				CLANG_WARN_CONSTANT_CONVERSION = YES;
				CLANG_WARN_DEPRECATED_OBJC_IMPLEMENTATIONS = YES;
				CLANG_WARN_DIRECT_OBJC_ISA_USAGE = YES_ERROR;
				CLANG_WARN_EMPTY_BODY = YES;
				CLANG_WARN_ENUM_CONVERSION = YES;
				CLANG_WARN_INFINITE_RECURSION = YES;
				CLANG_WARN_INT_CONVERSION = YES;
				CLANG_WARN_NON_LITERAL_NULL_CONVERSION = YES;
				CLANG_WARN_OBJC_IMPLICIT_RETAIN_SELF = YES;
				CLANG_WARN_OBJC_LITERAL_CONVERSION = YES;
				CLANG_WARN_OBJC_ROOT_CLASS = YES_ERROR;
				CLANG_WARN_QUOTED_INCLUDE_IN_FRAMEWORK_HEADER = YES;
				CLANG_WARN_RANGE_LOOP_ANALYSIS = YES;
				CLANG_WARN_STRICT_PROTOTYPES = YES;
				CLANG_WARN_SUSPICIOUS_MOVE = YES;
				CLANG_WARN_UNREACHABLE_CODE = YES;
				CLANG_WARN__DUPLICATE_METHOD_MATCH = YES;
				"CODE_SIGN_IDENTITY[sdk=iphoneos*]" = "iPhone Developer";
				COPY_PHASE_STRIP = NO;
				DEBUG_INFORMATION_FORMAT = dwarf;
				ENABLE_STRICT_OBJC_MSGSEND = YES;
				ENABLE_TESTABILITY = YES;
				ENABLE_USER_SCRIPT_SANDBOXING = YES;
				GCC_C_LANGUAGE_STANDARD = gnu99;
				GCC_DYNAMIC_NO_PIC = NO;
				GCC_NO_COMMON_BLOCKS = YES;
				GCC_OPTIMIZATION_LEVEL = 0;
				GCC_PREPROCESSOR_DEFINITIONS = (
					"DEBUG=1",
					"$(inherited)",
				);
				GCC_WARN_64_TO_32_BIT_CONVERSION = YES;
				GCC_WARN_ABOUT_RETURN_TYPE = YES_ERROR;
				GCC_WARN_UNDECLARED_SELECTOR = YES;
				GCC_WARN_UNINITIALIZED_AUTOS = YES_AGGRESSIVE;
				GCC_WARN_UNUSED_FUNCTION = YES;
				GCC_WARN_UNUSED_VARIABLE = YES;
				IPHONEOS_DEPLOYMENT_TARGET = 15.0;
				MTL_ENABLE_DEBUG_INFO = YES;
				ONLY_ACTIVE_ARCH = YES;
				SDKROOT = iphoneos;
				TARGETED_DEVICE_FAMILY = "1,2";
			};
			name = Debug;
		};
		97C147041CF9000F007C117D /* Release */ = {
			isa = XCBuildConfiguration;
			buildSettings = {
				ALWAYS_SEARCH_USER_PATHS = NO;
				ASSETCATALOG_COMPILER_GENERATE_SWIFT_ASSET_SYMBOL_EXTENSIONS = YES;
				CLANG_ANALYZER_NONNULL = YES;
				CLANG_CXX_LANGUAGE_STANDARD = "gnu++0x";
				CLANG_CXX_LIBRARY = "libc++";
				CLANG_ENABLE_MODULES = YES;
				CLANG_ENABLE_OBJC_ARC = YES;
				CLANG_WARN_BLOCK_CAPTURE_AUTORELEASING = YES;
				CLANG_WARN_BOOL_CONVERSION = YES;
				CLANG_WARN_COMMA = YES;
				CLANG_WARN_CONSTANT_CONVERSION = YES;
				CLANG_WARN_DEPRECATED_OBJC_IMPLEMENTATIONS = YES;
				CLANG_WARN_DIRECT_OBJC_ISA_USAGE = YES_ERROR;
				CLANG_WARN_EMPTY_BODY = YES;
				CLANG_WARN_ENUM_CONVERSION = YES;
				CLANG_WARN_INFINITE_RECURSION = YES;
				CLANG_WARN_INT_CONVERSION = YES;
				CLANG_WARN_NON_LITERAL_NULL_CONVERSION = YES;
				CLANG_WARN_OBJC_IMPLICIT_RETAIN_SELF = YES;
				CLANG_WARN_OBJC_LITERAL_CONVERSION = YES;
				CLANG_WARN_OBJC_ROOT_CLASS = YES_ERROR;
				CLANG_WARN_QUOTED_INCLUDE_IN_FRAMEWORK_HEADER = YES;
				CLANG_WARN_RANGE_LOOP_ANALYSIS = YES;
				CLANG_WARN_STRICT_PROTOTYPES = YES;
				CLANG_WARN_SUSPICIOUS_MOVE = YES;
				CLANG_WARN_UNREACHABLE_CODE = YES;
				CLANG_WARN__DUPLICATE_METHOD_MATCH = YES;
				"CODE_SIGN_IDENTITY[sdk=iphoneos*]" = "iPhone Developer";
				COPY_PHASE_STRIP = NO;
				DEBUG_INFORMATION_FORMAT = "dwarf-with-dsym";
				ENABLE_NS_ASSERTIONS = NO;
				ENABLE_STRICT_OBJC_MSGSEND = YES;
				ENABLE_USER_SCRIPT_SANDBOXING = YES;
				GCC_C_LANGUAGE_STANDARD = gnu99;
				GCC_NO_COMMON_BLOCKS = YES;
				GCC_WARN_64_TO_32_BIT_CONVERSION = YES;
				GCC_WARN_ABOUT_RETURN_TYPE = YES_ERROR;
				GCC_WARN_UNDECLARED_SELECTOR = YES;
				GCC_WARN_UNINITIALIZED_AUTOS = YES_AGGRESSIVE;
				GCC_WARN_UNUSED_FUNCTION = YES;
				GCC_WARN_UNUSED_VARIABLE = YES;
				IPHONEOS_DEPLOYMENT_TARGET = 15.0;
				MTL_ENABLE_DEBUG_INFO = NO;
				ONLY_ACTIVE_ARCH = YES;
				SDKROOT = iphoneos;
				SUPPORTED_PLATFORMS = iphoneos;
				SWIFT_COMPILATION_MODE = wholemodule;
				SWIFT_OPTIMIZATION_LEVEL = "-O";
				TARGETED_DEVICE_FAMILY = "1,2";
				VALIDATE_PRODUCT = YES;
			};
			name = Release;
		};
		97C147061CF9000F007C117D /* Debug */ = {
			isa = XCBuildConfiguration;
			baseConfigurationReference = 9740EEB21CF90195004384FC /* Debug.xcconfig */;
			buildSettings = {
				ASSETCATALOG_COMPILER_APPICON_NAME = AppIcon;
				CLANG_ENABLE_MODULES = YES;
				CLANG_X86_VECTOR_INSTRUCTIONS = default;
				CODE_SIGN_ENTITLEMENTS = Runner/Runner.entitlements;
				CURRENT_PROJECT_VERSION = 133;
				DEVELOPMENT_TEAM = 8635BL2DV6;
				ENABLE_BITCODE = NO;
				ENABLE_USER_SCRIPT_SANDBOXING = NO;
				FRAMEWORK_SEARCH_PATHS = (
					"$(inherited)",
					"\"${PODS_CONFIGURATION_BUILD_DIR}/AFNetworking\"",
					"\"${PODS_CONFIGURATION_BUILD_DIR}/AppAuth\"",
					"\"${PODS_CONFIGURATION_BUILD_DIR}/DKImagePickerController\"",
					"\"${PODS_CONFIGURATION_BUILD_DIR}/DKPhotoGallery\"",
					"\"${PODS_CONFIGURATION_BUILD_DIR}/FMDB\"",
					"\"${PODS_CONFIGURATION_BUILD_DIR}/FirebaseAppCheckInterop\"",
					"\"${PODS_CONFIGURATION_BUILD_DIR}/FirebaseAuth\"",
					"\"${PODS_CONFIGURATION_BUILD_DIR}/FirebaseCore\"",
					"\"${PODS_CONFIGURATION_BUILD_DIR}/FirebaseCoreInternal\"",
					"\"${PODS_CONFIGURATION_BUILD_DIR}/FirebaseDynamicLinks\"",
					"\"${PODS_CONFIGURATION_BUILD_DIR}/FirebaseInstallations\"",
					"\"${PODS_CONFIGURATION_BUILD_DIR}/FirebaseMessaging\"",
					"\"${PODS_CONFIGURATION_BUILD_DIR}/GTMAppAuth\"",
					"\"${PODS_CONFIGURATION_BUILD_DIR}/GTMSessionFetcher\"",
					"\"${PODS_CONFIGURATION_BUILD_DIR}/GoogleDataTransport\"",
					"\"${PODS_CONFIGURATION_BUILD_DIR}/GoogleSignIn\"",
					"\"${PODS_CONFIGURATION_BUILD_DIR}/GoogleUtilities\"",
					"\"${PODS_CONFIGURATION_BUILD_DIR}/MTBBarcodeScanner\"",
					"\"${PODS_CONFIGURATION_BUILD_DIR}/Masonry\"",
					"\"${PODS_CONFIGURATION_BUILD_DIR}/OrderedSet\"",
					"\"${PODS_CONFIGURATION_BUILD_DIR}/PromisesObjC\"",
					"\"${PODS_CONFIGURATION_BUILD_DIR}/Protobuf\"",
					"\"${PODS_CONFIGURATION_BUILD_DIR}/RecaptchaInterop\"",
					"\"${PODS_CONFIGURATION_BUILD_DIR}/SDWebImage\"",
					"\"${PODS_CONFIGURATION_BUILD_DIR}/SwiftyGif\"",
					"\"${PODS_CONFIGURATION_BUILD_DIR}/Toast\"",
					"\"${PODS_CONFIGURATION_BUILD_DIR}/camera\"",
					"\"${PODS_CONFIGURATION_BUILD_DIR}/device_info_plus\"",
					"\"${PODS_CONFIGURATION_BUILD_DIR}/email_launcher\"",
					"\"${PODS_CONFIGURATION_BUILD_DIR}/facebook_app_events\"",
					"\"${PODS_CONFIGURATION_BUILD_DIR}/file_picker\"",
					"\"${PODS_CONFIGURATION_BUILD_DIR}/firebase_analytics\"",
					"\"${PODS_CONFIGURATION_BUILD_DIR}/firebase_auth\"",
					"\"${PODS_CONFIGURATION_BUILD_DIR}/firebase_core\"",
					"\"${PODS_CONFIGURATION_BUILD_DIR}/firebase_dynamic_links\"",
					"\"${PODS_CONFIGURATION_BUILD_DIR}/firebase_installations\"",
					"\"${PODS_CONFIGURATION_BUILD_DIR}/firebase_messaging\"",
					"\"${PODS_CONFIGURATION_BUILD_DIR}/flutter_app_badger\"",
					"\"${PODS_CONFIGURATION_BUILD_DIR}/flutter_blue_plus\"",
					"\"${PODS_CONFIGURATION_BUILD_DIR}/flutter_inappwebview\"",
					"\"${PODS_CONFIGURATION_BUILD_DIR}/flutter_local_notifications\"",
					"\"${PODS_CONFIGURATION_BUILD_DIR}/flutter_localization\"",
					"\"${PODS_CONFIGURATION_BUILD_DIR}/fluttertoast\"",
					"\"${PODS_CONFIGURATION_BUILD_DIR}/geocoding_ios\"",
					"\"${PODS_CONFIGURATION_BUILD_DIR}/geolocator_apple\"",
					"\"${PODS_CONFIGURATION_BUILD_DIR}/google_maps_flutter_ios\"",
					"\"${PODS_CONFIGURATION_BUILD_DIR}/google_sign_in_ios\"",
					"\"${PODS_CONFIGURATION_BUILD_DIR}/health\"",
					"\"${PODS_CONFIGURATION_BUILD_DIR}/image_editor_common\"",
					"\"${PODS_CONFIGURATION_BUILD_DIR}/image_picker_ios\"",
					"\"${PODS_CONFIGURATION_BUILD_DIR}/integration_test\"",
					"\"${PODS_CONFIGURATION_BUILD_DIR}/map_launcher\"",
					"\"${PODS_CONFIGURATION_BUILD_DIR}/nanopb\"",
					"\"${PODS_CONFIGURATION_BUILD_DIR}/package_info_plus\"",
					"\"${PODS_CONFIGURATION_BUILD_DIR}/path_provider_foundation\"",
					"\"${PODS_CONFIGURATION_BUILD_DIR}/permission_handler_apple\"",
					"\"${PODS_CONFIGURATION_BUILD_DIR}/qr_code_scanner\"",
					"\"${PODS_CONFIGURATION_BUILD_DIR}/share_plus\"",
					"\"${PODS_CONFIGURATION_BUILD_DIR}/shared_preferences_foundation\"",
					"\"${PODS_CONFIGURATION_BUILD_DIR}/sqflite\"",
					"\"${PODS_CONFIGURATION_BUILD_DIR}/store_redirect\"",
					"\"${PODS_CONFIGURATION_BUILD_DIR}/syncfusion_flutter_pdfviewer\"",
					"\"${PODS_CONFIGURATION_BUILD_DIR}/uni_links\"",
					"\"${PODS_CONFIGURATION_BUILD_DIR}/url_launcher_ios\"",
					"\"${PODS_CONFIGURATION_BUILD_DIR}/video_compress\"",
					"\"${PODS_CONFIGURATION_BUILD_DIR}/video_player_avfoundation\"",
					"\"${PODS_CONFIGURATION_BUILD_DIR}/webview_flutter_wkwebview\"",
					"\"${PODS_ROOT}/FBAEMKit/XCFrameworks\"",
					"\"${PODS_ROOT}/FBAudienceNetwork/Static\"",
					"\"${PODS_ROOT}/FBSDKCoreKit/XCFrameworks\"",
					"\"${PODS_ROOT}/FBSDKCoreKit_Basics/XCFrameworks\"",
					"\"${PODS_ROOT}/FirebaseAnalytics/Frameworks\"",
					"\"${PODS_ROOT}/FirebaseFirestore/FirebaseFirestore\"",
					"\"${PODS_ROOT}/GoogleAppMeasurement/Frameworks\"",
					"\"${PODS_ROOT}/GoogleMaps/Base/Frameworks\"",
					"\"${PODS_ROOT}/GoogleMaps/Maps/Frameworks\"",
					"\"${PODS_XCFRAMEWORKS_BUILD_DIR}/FBAEMKit\"",
					"\"${PODS_XCFRAMEWORKS_BUILD_DIR}/FBAudienceNetwork\"",
					"\"${PODS_XCFRAMEWORKS_BUILD_DIR}/FBSDKCoreKit\"",
					"\"${PODS_XCFRAMEWORKS_BUILD_DIR}/FBSDKCoreKit_Basics\"",
					"\"${PODS_XCFRAMEWORKS_BUILD_DIR}/FirebaseAnalytics/AdIdSupport\"",
					"\"${PODS_XCFRAMEWORKS_BUILD_DIR}/FirebaseFirestore/Base\"",
					"\"${PODS_XCFRAMEWORKS_BUILD_DIR}/FirebaseFirestore/WithLeveldb\"",
					"\"${PODS_XCFRAMEWORKS_BUILD_DIR}/GoogleAppMeasurement/AdIdSupport\"",
					"\"${PODS_XCFRAMEWORKS_BUILD_DIR}/GoogleAppMeasurement/WithoutAdIdSupport\"",
					"\"${PODS_XCFRAMEWORKS_BUILD_DIR}/GoogleMaps/Base\"",
					"\"${PODS_XCFRAMEWORKS_BUILD_DIR}/GoogleMaps/Maps\"",
					"$(PROJECT_DIR)",
				);
				GCC_NO_COMMON_BLOCKS = YES;
				HEADER_SEARCH_PATHS = (
					"$(inherited)",
					"\"${PODS_CONFIGURATION_BUILD_DIR}/AFNetworking/AFNetworking.framework/Headers\"",
					"\"${PODS_CONFIGURATION_BUILD_DIR}/AppAuth/AppAuth.framework/Headers\"",
					"\"${PODS_CONFIGURATION_BUILD_DIR}/DKImagePickerController/DKImagePickerController.framework/Headers\"",
					"\"${PODS_CONFIGURATION_BUILD_DIR}/DKPhotoGallery/DKPhotoGallery.framework/Headers\"",
					"\"${PODS_CONFIGURATION_BUILD_DIR}/FMDB/FMDB.framework/Headers\"",
					"\"${PODS_CONFIGURATION_BUILD_DIR}/FirebaseAppCheckInterop/FirebaseAppCheckInterop.framework/Headers\"",
					"\"${PODS_CONFIGURATION_BUILD_DIR}/FirebaseAuth/FirebaseAuth.framework/Headers\"",
					"\"${PODS_CONFIGURATION_BUILD_DIR}/FirebaseCore/FirebaseCore.framework/Headers\"",
					"\"${PODS_CONFIGURATION_BUILD_DIR}/FirebaseCoreInternal/FirebaseCoreInternal.framework/Headers\"",
					"\"${PODS_CONFIGURATION_BUILD_DIR}/FirebaseDynamicLinks/FirebaseDynamicLinks.framework/Headers\"",
					"\"${PODS_CONFIGURATION_BUILD_DIR}/FirebaseInstallations/FirebaseInstallations.framework/Headers\"",
					"\"${PODS_CONFIGURATION_BUILD_DIR}/FirebaseMessaging/FirebaseMessaging.framework/Headers\"",
					"\"${PODS_CONFIGURATION_BUILD_DIR}/GTMAppAuth/GTMAppAuth.framework/Headers\"",
					"\"${PODS_CONFIGURATION_BUILD_DIR}/GTMSessionFetcher/GTMSessionFetcher.framework/Headers\"",
					"\"${PODS_CONFIGURATION_BUILD_DIR}/GoogleDataTransport/GoogleDataTransport.framework/Headers\"",
					"\"${PODS_CONFIGURATION_BUILD_DIR}/GoogleSignIn/GoogleSignIn.framework/Headers\"",
					"\"${PODS_CONFIGURATION_BUILD_DIR}/GoogleUtilities/GoogleUtilities.framework/Headers\"",
					"\"${PODS_CONFIGURATION_BUILD_DIR}/MTBBarcodeScanner/MTBBarcodeScanner.framework/Headers\"",
					"\"${PODS_CONFIGURATION_BUILD_DIR}/Masonry/Masonry.framework/Headers\"",
					"\"${PODS_CONFIGURATION_BUILD_DIR}/OrderedSet/OrderedSet.framework/Headers\"",
					"\"${PODS_CONFIGURATION_BUILD_DIR}/PromisesObjC/FBLPromises.framework/Headers\"",
					"\"${PODS_CONFIGURATION_BUILD_DIR}/Protobuf/Protobuf.framework/Headers\"",
					"\"${PODS_CONFIGURATION_BUILD_DIR}/RecaptchaInterop/RecaptchaInterop.framework/Headers\"",
					"\"${PODS_CONFIGURATION_BUILD_DIR}/SDWebImage/SDWebImage.framework/Headers\"",
					"\"${PODS_CONFIGURATION_BUILD_DIR}/SwiftyGif/SwiftyGif.framework/Headers\"",
					"\"${PODS_CONFIGURATION_BUILD_DIR}/Toast/Toast.framework/Headers\"",
					"\"${PODS_CONFIGURATION_BUILD_DIR}/camera/camera.framework/Headers\"",
					"\"${PODS_CONFIGURATION_BUILD_DIR}/device_info_plus/device_info_plus.framework/Headers\"",
					"\"${PODS_CONFIGURATION_BUILD_DIR}/email_launcher/email_launcher.framework/Headers\"",
					"\"${PODS_CONFIGURATION_BUILD_DIR}/facebook_app_events/facebook_app_events.framework/Headers\"",
					"\"${PODS_CONFIGURATION_BUILD_DIR}/file_picker/file_picker.framework/Headers\"",
					"\"${PODS_CONFIGURATION_BUILD_DIR}/firebase_analytics/firebase_analytics.framework/Headers\"",
					"\"${PODS_CONFIGURATION_BUILD_DIR}/firebase_auth/firebase_auth.framework/Headers\"",
					"\"${PODS_CONFIGURATION_BUILD_DIR}/firebase_core/firebase_core.framework/Headers\"",
					"\"${PODS_CONFIGURATION_BUILD_DIR}/firebase_dynamic_links/firebase_dynamic_links.framework/Headers\"",
					"\"${PODS_CONFIGURATION_BUILD_DIR}/firebase_installations/firebase_installations.framework/Headers\"",
					"\"${PODS_CONFIGURATION_BUILD_DIR}/firebase_messaging/firebase_messaging.framework/Headers\"",
					"\"${PODS_CONFIGURATION_BUILD_DIR}/flutter_app_badger/flutter_app_badger.framework/Headers\"",
					"\"${PODS_CONFIGURATION_BUILD_DIR}/flutter_blue_plus/flutter_blue_plus.framework/Headers\"",
					"\"${PODS_CONFIGURATION_BUILD_DIR}/flutter_inappwebview/flutter_inappwebview.framework/Headers\"",
					"\"${PODS_CONFIGURATION_BUILD_DIR}/flutter_local_notifications/flutter_local_notifications.framework/Headers\"",
					"\"${PODS_CONFIGURATION_BUILD_DIR}/flutter_localization/flutter_localization.framework/Headers\"",
					"\"${PODS_CONFIGURATION_BUILD_DIR}/fluttertoast/fluttertoast.framework/Headers\"",
					"\"${PODS_CONFIGURATION_BUILD_DIR}/geocoding_ios/geocoding_ios.framework/Headers\"",
					"\"${PODS_CONFIGURATION_BUILD_DIR}/geolocator_apple/geolocator_apple.framework/Headers\"",
					"\"${PODS_CONFIGURATION_BUILD_DIR}/google_maps_flutter_ios/google_maps_flutter_ios.framework/Headers\"",
					"\"${PODS_CONFIGURATION_BUILD_DIR}/google_sign_in_ios/google_sign_in_ios.framework/Headers\"",
					"\"${PODS_CONFIGURATION_BUILD_DIR}/health/health.framework/Headers\"",
					"\"${PODS_CONFIGURATION_BUILD_DIR}/image_editor_common/image_editor_common.framework/Headers\"",
					"\"${PODS_CONFIGURATION_BUILD_DIR}/image_picker_ios/image_picker_ios.framework/Headers\"",
					"\"${PODS_CONFIGURATION_BUILD_DIR}/integration_test/integration_test.framework/Headers\"",
					"\"${PODS_CONFIGURATION_BUILD_DIR}/map_launcher/map_launcher.framework/Headers\"",
					"\"${PODS_CONFIGURATION_BUILD_DIR}/nanopb/nanopb.framework/Headers\"",
					"\"${PODS_CONFIGURATION_BUILD_DIR}/package_info_plus/package_info_plus.framework/Headers\"",
					"\"${PODS_CONFIGURATION_BUILD_DIR}/path_provider_foundation/path_provider_foundation.framework/Headers\"",
					"\"${PODS_CONFIGURATION_BUILD_DIR}/permission_handler_apple/permission_handler_apple.framework/Headers\"",
					"\"${PODS_CONFIGURATION_BUILD_DIR}/qr_code_scanner/qr_code_scanner.framework/Headers\"",
					"\"${PODS_CONFIGURATION_BUILD_DIR}/share_plus/share_plus.framework/Headers\"",
					"\"${PODS_CONFIGURATION_BUILD_DIR}/shared_preferences_foundation/shared_preferences_foundation.framework/Headers\"",
					"\"${PODS_CONFIGURATION_BUILD_DIR}/sqflite/sqflite.framework/Headers\"",
					"\"${PODS_CONFIGURATION_BUILD_DIR}/store_redirect/store_redirect.framework/Headers\"",
					"\"${PODS_CONFIGURATION_BUILD_DIR}/syncfusion_flutter_pdfviewer/syncfusion_flutter_pdfviewer.framework/Headers\"",
					"\"${PODS_CONFIGURATION_BUILD_DIR}/uni_links/uni_links.framework/Headers\"",
					"\"${PODS_CONFIGURATION_BUILD_DIR}/url_launcher_ios/url_launcher_ios.framework/Headers\"",
					"\"${PODS_CONFIGURATION_BUILD_DIR}/video_compress/video_compress.framework/Headers\"",
					"\"${PODS_CONFIGURATION_BUILD_DIR}/video_player_avfoundation/video_player_avfoundation.framework/Headers\"",
					"\"${PODS_CONFIGURATION_BUILD_DIR}/webview_flutter_wkwebview/webview_flutter_wkwebview.framework/Headers\"",
					"\"${PODS_ROOT}/Headers/Public\"",
					"\"${PODS_ROOT}/Headers/Public/Firebase\"",
					"$(inherited)",
					"${PODS_ROOT}/Firebase/CoreOnly/Sources",
				);
				INFOPLIST_FILE = Runner/Info.plist;
				IPHONEOS_DEPLOYMENT_TARGET = 15.0;
				LD_RUNPATH_SEARCH_PATHS = (
					"$(inherited)",
					"@executable_path/Frameworks",
				);
				LIBRARY_SEARCH_PATHS = (
					"$(inherited)",
					"$(PROJECT_DIR)/Runner",
					"$(PROJECT_DIR)",
					"/Users/firaz/Documents/FlutterProjects/tdlabs/ios/Runner/libPods-SDKDemo.a",
				);
				MARKETING_VERSION = 30.3;
				ONLY_ACTIVE_ARCH = NO;
				PRODUCT_BUNDLE_IDENTIFIER = com.tedainternational.tdlabs;
				PRODUCT_NAME = "$(TARGET_NAME)";
				SUPPORTED_PLATFORMS = "iphoneos iphonesimulator";
				SUPPORTS_MACCATALYST = NO;
				SUPPORTS_MAC_DESIGNED_FOR_IPHONE_IPAD = NO;
				SWIFT_OBJC_BRIDGING_HEADER = "Runner/Runner-Bridging-Header.h";
				SWIFT_OPTIMIZATION_LEVEL = "-Onone";
				SWIFT_VERSION = 5.0;
				TARGETED_DEVICE_FAMILY = "1,2";
				VERSIONING_SYSTEM = "apple-generic";
			};
			name = Debug;
		};
		97C147071CF9000F007C117D /* Release */ = {
			isa = XCBuildConfiguration;
			baseConfigurationReference = 7AFA3C8E1D35360C0083082E /* Release.xcconfig */;
			buildSettings = {
				ASSETCATALOG_COMPILER_APPICON_NAME = AppIcon;
				CLANG_ENABLE_MODULES = YES;
				CLANG_X86_VECTOR_INSTRUCTIONS = default;
				CODE_SIGN_ENTITLEMENTS = Runner/Runner.entitlements;
				CURRENT_PROJECT_VERSION = 133;
				DEVELOPMENT_TEAM = 8635BL2DV6;
				ENABLE_BITCODE = NO;
				ENABLE_USER_SCRIPT_SANDBOXING = NO;
				FRAMEWORK_SEARCH_PATHS = (
					"$(inherited)",
					"\"${PODS_CONFIGURATION_BUILD_DIR}/AFNetworking\"",
					"\"${PODS_CONFIGURATION_BUILD_DIR}/AppAuth\"",
					"\"${PODS_CONFIGURATION_BUILD_DIR}/DKImagePickerController\"",
					"\"${PODS_CONFIGURATION_BUILD_DIR}/DKPhotoGallery\"",
					"\"${PODS_CONFIGURATION_BUILD_DIR}/FMDB\"",
					"\"${PODS_CONFIGURATION_BUILD_DIR}/FirebaseAppCheckInterop\"",
					"\"${PODS_CONFIGURATION_BUILD_DIR}/FirebaseAuth\"",
					"\"${PODS_CONFIGURATION_BUILD_DIR}/FirebaseCore\"",
					"\"${PODS_CONFIGURATION_BUILD_DIR}/FirebaseCoreInternal\"",
					"\"${PODS_CONFIGURATION_BUILD_DIR}/FirebaseDynamicLinks\"",
					"\"${PODS_CONFIGURATION_BUILD_DIR}/FirebaseInstallations\"",
					"\"${PODS_CONFIGURATION_BUILD_DIR}/FirebaseMessaging\"",
					"\"${PODS_CONFIGURATION_BUILD_DIR}/GTMAppAuth\"",
					"\"${PODS_CONFIGURATION_BUILD_DIR}/GTMSessionFetcher\"",
					"\"${PODS_CONFIGURATION_BUILD_DIR}/GoogleDataTransport\"",
					"\"${PODS_CONFIGURATION_BUILD_DIR}/GoogleSignIn\"",
					"\"${PODS_CONFIGURATION_BUILD_DIR}/GoogleUtilities\"",
					"\"${PODS_CONFIGURATION_BUILD_DIR}/MTBBarcodeScanner\"",
					"\"${PODS_CONFIGURATION_BUILD_DIR}/Masonry\"",
					"\"${PODS_CONFIGURATION_BUILD_DIR}/OrderedSet\"",
					"\"${PODS_CONFIGURATION_BUILD_DIR}/PromisesObjC\"",
					"\"${PODS_CONFIGURATION_BUILD_DIR}/Protobuf\"",
					"\"${PODS_CONFIGURATION_BUILD_DIR}/RecaptchaInterop\"",
					"\"${PODS_CONFIGURATION_BUILD_DIR}/SDWebImage\"",
					"\"${PODS_CONFIGURATION_BUILD_DIR}/SwiftyGif\"",
					"\"${PODS_CONFIGURATION_BUILD_DIR}/Toast\"",
					"\"${PODS_CONFIGURATION_BUILD_DIR}/camera\"",
					"\"${PODS_CONFIGURATION_BUILD_DIR}/device_info_plus\"",
					"\"${PODS_CONFIGURATION_BUILD_DIR}/email_launcher\"",
					"\"${PODS_CONFIGURATION_BUILD_DIR}/facebook_app_events\"",
					"\"${PODS_CONFIGURATION_BUILD_DIR}/file_picker\"",
					"\"${PODS_CONFIGURATION_BUILD_DIR}/firebase_analytics\"",
					"\"${PODS_CONFIGURATION_BUILD_DIR}/firebase_auth\"",
					"\"${PODS_CONFIGURATION_BUILD_DIR}/firebase_core\"",
					"\"${PODS_CONFIGURATION_BUILD_DIR}/firebase_dynamic_links\"",
					"\"${PODS_CONFIGURATION_BUILD_DIR}/firebase_installations\"",
					"\"${PODS_CONFIGURATION_BUILD_DIR}/firebase_messaging\"",
					"\"${PODS_CONFIGURATION_BUILD_DIR}/flutter_app_badger\"",
					"\"${PODS_CONFIGURATION_BUILD_DIR}/flutter_blue_plus\"",
					"\"${PODS_CONFIGURATION_BUILD_DIR}/flutter_inappwebview\"",
					"\"${PODS_CONFIGURATION_BUILD_DIR}/flutter_local_notifications\"",
					"\"${PODS_CONFIGURATION_BUILD_DIR}/flutter_localization\"",
					"\"${PODS_CONFIGURATION_BUILD_DIR}/fluttertoast\"",
					"\"${PODS_CONFIGURATION_BUILD_DIR}/geocoding_ios\"",
					"\"${PODS_CONFIGURATION_BUILD_DIR}/geolocator_apple\"",
					"\"${PODS_CONFIGURATION_BUILD_DIR}/google_maps_flutter_ios\"",
					"\"${PODS_CONFIGURATION_BUILD_DIR}/google_sign_in_ios\"",
					"\"${PODS_CONFIGURATION_BUILD_DIR}/health\"",
					"\"${PODS_CONFIGURATION_BUILD_DIR}/image_editor_common\"",
					"\"${PODS_CONFIGURATION_BUILD_DIR}/image_picker_ios\"",
					"\"${PODS_CONFIGURATION_BUILD_DIR}/integration_test\"",
					"\"${PODS_CONFIGURATION_BUILD_DIR}/map_launcher\"",
					"\"${PODS_CONFIGURATION_BUILD_DIR}/nanopb\"",
					"\"${PODS_CONFIGURATION_BUILD_DIR}/package_info_plus\"",
					"\"${PODS_CONFIGURATION_BUILD_DIR}/path_provider_foundation\"",
					"\"${PODS_CONFIGURATION_BUILD_DIR}/permission_handler_apple\"",
					"\"${PODS_CONFIGURATION_BUILD_DIR}/qr_code_scanner\"",
					"\"${PODS_CONFIGURATION_BUILD_DIR}/share_plus\"",
					"\"${PODS_CONFIGURATION_BUILD_DIR}/shared_preferences_foundation\"",
					"\"${PODS_CONFIGURATION_BUILD_DIR}/sqflite\"",
					"\"${PODS_CONFIGURATION_BUILD_DIR}/store_redirect\"",
					"\"${PODS_CONFIGURATION_BUILD_DIR}/syncfusion_flutter_pdfviewer\"",
					"\"${PODS_CONFIGURATION_BUILD_DIR}/uni_links\"",
					"\"${PODS_CONFIGURATION_BUILD_DIR}/url_launcher_ios\"",
					"\"${PODS_CONFIGURATION_BUILD_DIR}/video_compress\"",
					"\"${PODS_CONFIGURATION_BUILD_DIR}/video_player_avfoundation\"",
					"\"${PODS_CONFIGURATION_BUILD_DIR}/webview_flutter_wkwebview\"",
					"\"${PODS_ROOT}/FBAEMKit/XCFrameworks\"",
					"\"${PODS_ROOT}/FBAudienceNetwork/Static\"",
					"\"${PODS_ROOT}/FBSDKCoreKit/XCFrameworks\"",
					"\"${PODS_ROOT}/FBSDKCoreKit_Basics/XCFrameworks\"",
					"\"${PODS_ROOT}/FirebaseAnalytics/Frameworks\"",
					"\"${PODS_ROOT}/FirebaseFirestore/FirebaseFirestore\"",
					"\"${PODS_ROOT}/GoogleAppMeasurement/Frameworks\"",
					"\"${PODS_ROOT}/GoogleMaps/Base/Frameworks\"",
					"\"${PODS_ROOT}/GoogleMaps/Maps/Frameworks\"",
					"\"${PODS_XCFRAMEWORKS_BUILD_DIR}/FBAEMKit\"",
					"\"${PODS_XCFRAMEWORKS_BUILD_DIR}/FBAudienceNetwork\"",
					"\"${PODS_XCFRAMEWORKS_BUILD_DIR}/FBSDKCoreKit\"",
					"\"${PODS_XCFRAMEWORKS_BUILD_DIR}/FBSDKCoreKit_Basics\"",
					"\"${PODS_XCFRAMEWORKS_BUILD_DIR}/FirebaseAnalytics/AdIdSupport\"",
					"\"${PODS_XCFRAMEWORKS_BUILD_DIR}/FirebaseFirestore/Base\"",
					"\"${PODS_XCFRAMEWORKS_BUILD_DIR}/FirebaseFirestore/WithLeveldb\"",
					"\"${PODS_XCFRAMEWORKS_BUILD_DIR}/GoogleAppMeasurement/AdIdSupport\"",
					"\"${PODS_XCFRAMEWORKS_BUILD_DIR}/GoogleAppMeasurement/WithoutAdIdSupport\"",
					"\"${PODS_XCFRAMEWORKS_BUILD_DIR}/GoogleMaps/Base\"",
					"\"${PODS_XCFRAMEWORKS_BUILD_DIR}/GoogleMaps/Maps\"",
					"$(PROJECT_DIR)",
				);
				GCC_NO_COMMON_BLOCKS = YES;
				HEADER_SEARCH_PATHS = (
					"$(inherited)",
					"\"${PODS_CONFIGURATION_BUILD_DIR}/AFNetworking/AFNetworking.framework/Headers\"",
					"\"${PODS_CONFIGURATION_BUILD_DIR}/AppAuth/AppAuth.framework/Headers\"",
					"\"${PODS_CONFIGURATION_BUILD_DIR}/DKImagePickerController/DKImagePickerController.framework/Headers\"",
					"\"${PODS_CONFIGURATION_BUILD_DIR}/DKPhotoGallery/DKPhotoGallery.framework/Headers\"",
					"\"${PODS_CONFIGURATION_BUILD_DIR}/FMDB/FMDB.framework/Headers\"",
					"\"${PODS_CONFIGURATION_BUILD_DIR}/FirebaseAppCheckInterop/FirebaseAppCheckInterop.framework/Headers\"",
					"\"${PODS_CONFIGURATION_BUILD_DIR}/FirebaseAuth/FirebaseAuth.framework/Headers\"",
					"\"${PODS_CONFIGURATION_BUILD_DIR}/FirebaseCore/FirebaseCore.framework/Headers\"",
					"\"${PODS_CONFIGURATION_BUILD_DIR}/FirebaseCoreInternal/FirebaseCoreInternal.framework/Headers\"",
					"\"${PODS_CONFIGURATION_BUILD_DIR}/FirebaseDynamicLinks/FirebaseDynamicLinks.framework/Headers\"",
					"\"${PODS_CONFIGURATION_BUILD_DIR}/FirebaseInstallations/FirebaseInstallations.framework/Headers\"",
					"\"${PODS_CONFIGURATION_BUILD_DIR}/FirebaseMessaging/FirebaseMessaging.framework/Headers\"",
					"\"${PODS_CONFIGURATION_BUILD_DIR}/GTMAppAuth/GTMAppAuth.framework/Headers\"",
					"\"${PODS_CONFIGURATION_BUILD_DIR}/GTMSessionFetcher/GTMSessionFetcher.framework/Headers\"",
					"\"${PODS_CONFIGURATION_BUILD_DIR}/GoogleDataTransport/GoogleDataTransport.framework/Headers\"",
					"\"${PODS_CONFIGURATION_BUILD_DIR}/GoogleSignIn/GoogleSignIn.framework/Headers\"",
					"\"${PODS_CONFIGURATION_BUILD_DIR}/GoogleUtilities/GoogleUtilities.framework/Headers\"",
					"\"${PODS_CONFIGURATION_BUILD_DIR}/MTBBarcodeScanner/MTBBarcodeScanner.framework/Headers\"",
					"\"${PODS_CONFIGURATION_BUILD_DIR}/Masonry/Masonry.framework/Headers\"",
					"\"${PODS_CONFIGURATION_BUILD_DIR}/OrderedSet/OrderedSet.framework/Headers\"",
					"\"${PODS_CONFIGURATION_BUILD_DIR}/PromisesObjC/FBLPromises.framework/Headers\"",
					"\"${PODS_CONFIGURATION_BUILD_DIR}/Protobuf/Protobuf.framework/Headers\"",
					"\"${PODS_CONFIGURATION_BUILD_DIR}/RecaptchaInterop/RecaptchaInterop.framework/Headers\"",
					"\"${PODS_CONFIGURATION_BUILD_DIR}/SDWebImage/SDWebImage.framework/Headers\"",
					"\"${PODS_CONFIGURATION_BUILD_DIR}/SwiftyGif/SwiftyGif.framework/Headers\"",
					"\"${PODS_CONFIGURATION_BUILD_DIR}/Toast/Toast.framework/Headers\"",
					"\"${PODS_CONFIGURATION_BUILD_DIR}/camera/camera.framework/Headers\"",
					"\"${PODS_CONFIGURATION_BUILD_DIR}/device_info_plus/device_info_plus.framework/Headers\"",
					"\"${PODS_CONFIGURATION_BUILD_DIR}/email_launcher/email_launcher.framework/Headers\"",
					"\"${PODS_CONFIGURATION_BUILD_DIR}/facebook_app_events/facebook_app_events.framework/Headers\"",
					"\"${PODS_CONFIGURATION_BUILD_DIR}/file_picker/file_picker.framework/Headers\"",
					"\"${PODS_CONFIGURATION_BUILD_DIR}/firebase_analytics/firebase_analytics.framework/Headers\"",
					"\"${PODS_CONFIGURATION_BUILD_DIR}/firebase_auth/firebase_auth.framework/Headers\"",
					"\"${PODS_CONFIGURATION_BUILD_DIR}/firebase_core/firebase_core.framework/Headers\"",
					"\"${PODS_CONFIGURATION_BUILD_DIR}/firebase_dynamic_links/firebase_dynamic_links.framework/Headers\"",
					"\"${PODS_CONFIGURATION_BUILD_DIR}/firebase_installations/firebase_installations.framework/Headers\"",
					"\"${PODS_CONFIGURATION_BUILD_DIR}/firebase_messaging/firebase_messaging.framework/Headers\"",
					"\"${PODS_CONFIGURATION_BUILD_DIR}/flutter_app_badger/flutter_app_badger.framework/Headers\"",
					"\"${PODS_CONFIGURATION_BUILD_DIR}/flutter_blue_plus/flutter_blue_plus.framework/Headers\"",
					"\"${PODS_CONFIGURATION_BUILD_DIR}/flutter_inappwebview/flutter_inappwebview.framework/Headers\"",
					"\"${PODS_CONFIGURATION_BUILD_DIR}/flutter_local_notifications/flutter_local_notifications.framework/Headers\"",
					"\"${PODS_CONFIGURATION_BUILD_DIR}/flutter_localization/flutter_localization.framework/Headers\"",
					"\"${PODS_CONFIGURATION_BUILD_DIR}/fluttertoast/fluttertoast.framework/Headers\"",
					"\"${PODS_CONFIGURATION_BUILD_DIR}/geocoding_ios/geocoding_ios.framework/Headers\"",
					"\"${PODS_CONFIGURATION_BUILD_DIR}/geolocator_apple/geolocator_apple.framework/Headers\"",
					"\"${PODS_CONFIGURATION_BUILD_DIR}/google_maps_flutter_ios/google_maps_flutter_ios.framework/Headers\"",
					"\"${PODS_CONFIGURATION_BUILD_DIR}/google_sign_in_ios/google_sign_in_ios.framework/Headers\"",
					"\"${PODS_CONFIGURATION_BUILD_DIR}/health/health.framework/Headers\"",
					"\"${PODS_CONFIGURATION_BUILD_DIR}/image_editor_common/image_editor_common.framework/Headers\"",
					"\"${PODS_CONFIGURATION_BUILD_DIR}/image_picker_ios/image_picker_ios.framework/Headers\"",
					"\"${PODS_CONFIGURATION_BUILD_DIR}/integration_test/integration_test.framework/Headers\"",
					"\"${PODS_CONFIGURATION_BUILD_DIR}/map_launcher/map_launcher.framework/Headers\"",
					"\"${PODS_CONFIGURATION_BUILD_DIR}/nanopb/nanopb.framework/Headers\"",
					"\"${PODS_CONFIGURATION_BUILD_DIR}/package_info_plus/package_info_plus.framework/Headers\"",
					"\"${PODS_CONFIGURATION_BUILD_DIR}/path_provider_foundation/path_provider_foundation.framework/Headers\"",
					"\"${PODS_CONFIGURATION_BUILD_DIR}/permission_handler_apple/permission_handler_apple.framework/Headers\"",
					"\"${PODS_CONFIGURATION_BUILD_DIR}/qr_code_scanner/qr_code_scanner.framework/Headers\"",
					"\"${PODS_CONFIGURATION_BUILD_DIR}/share_plus/share_plus.framework/Headers\"",
					"\"${PODS_CONFIGURATION_BUILD_DIR}/shared_preferences_foundation/shared_preferences_foundation.framework/Headers\"",
					"\"${PODS_CONFIGURATION_BUILD_DIR}/sqflite/sqflite.framework/Headers\"",
					"\"${PODS_CONFIGURATION_BUILD_DIR}/store_redirect/store_redirect.framework/Headers\"",
					"\"${PODS_CONFIGURATION_BUILD_DIR}/syncfusion_flutter_pdfviewer/syncfusion_flutter_pdfviewer.framework/Headers\"",
					"\"${PODS_CONFIGURATION_BUILD_DIR}/uni_links/uni_links.framework/Headers\"",
					"\"${PODS_CONFIGURATION_BUILD_DIR}/url_launcher_ios/url_launcher_ios.framework/Headers\"",
					"\"${PODS_CONFIGURATION_BUILD_DIR}/video_compress/video_compress.framework/Headers\"",
					"\"${PODS_CONFIGURATION_BUILD_DIR}/video_player_avfoundation/video_player_avfoundation.framework/Headers\"",
					"\"${PODS_CONFIGURATION_BUILD_DIR}/webview_flutter_wkwebview/webview_flutter_wkwebview.framework/Headers\"",
					"\"${PODS_ROOT}/Headers/Public\"",
					"\"${PODS_ROOT}/Headers/Public/Firebase\"",
					"$(inherited)",
					"${PODS_ROOT}/Firebase/CoreOnly/Sources",
				);
				INFOPLIST_FILE = Runner/Info.plist;
				IPHONEOS_DEPLOYMENT_TARGET = 15.0;
				LD_RUNPATH_SEARCH_PATHS = (
					"$(inherited)",
					"@executable_path/Frameworks",
				);
				LIBRARY_SEARCH_PATHS = (
					"$(inherited)",
					"$(PROJECT_DIR)/Runner",
					"$(PROJECT_DIR)",
					"/Users/firaz/Documents/FlutterProjects/tdlabs/ios/Runner/libPods-SDKDemo.a",
				);
				MARKETING_VERSION = 30.3;
				ONLY_ACTIVE_ARCH = NO;
				PRODUCT_BUNDLE_IDENTIFIER = com.tedainternational.tdlabs;
				PRODUCT_NAME = "$(TARGET_NAME)";
				SUPPORTED_PLATFORMS = "iphoneos iphonesimulator";
				SUPPORTS_MACCATALYST = NO;
				SUPPORTS_MAC_DESIGNED_FOR_IPHONE_IPAD = NO;
				SWIFT_OBJC_BRIDGING_HEADER = "Runner/Runner-Bridging-Header.h";
				SWIFT_VERSION = 5.0;
				TARGETED_DEVICE_FAMILY = "1,2";
				VERSIONING_SYSTEM = "apple-generic";
			};
			name = Release;
		};
/* End XCBuildConfiguration section */

/* Begin XCConfigurationList section */
		97C146E91CF9000F007C117D /* Build configuration list for PBXProject "Runner" */ = {
			isa = XCConfigurationList;
			buildConfigurations = (
				97C147031CF9000F007C117D /* Debug */,
				97C147041CF9000F007C117D /* Release */,
				249021D3217E4FDB00AE95B9 /* Profile */,
			);
			defaultConfigurationIsVisible = 0;
			defaultConfigurationName = Release;
		};
		97C147051CF9000F007C117D /* Build configuration list for PBXNativeTarget "Runner" */ = {
			isa = XCConfigurationList;
			buildConfigurations = (
				97C147061CF9000F007C117D /* Debug */,
				97C147071CF9000F007C117D /* Release */,
				249021D4217E4FDB00AE95B9 /* Profile */,
			);
			defaultConfigurationIsVisible = 0;
			defaultConfigurationName = Release;
		};
/* End XCConfigurationList section */
	};
	rootObject = 97C146E61CF9000F007C117D /* Project object */;
}
