PODS:
  - AFNetworking (4.0.1):
    - AFNetworking/NSURLSession (= 4.0.1)
    - AFNetworking/Reachability (= 4.0.1)
    - AFNetworking/Security (= 4.0.1)
    - AFNetworking/Serialization (= 4.0.1)
    - AFNetworking/UIKit (= 4.0.1)
  - AFNetworking/NSURLSession (4.0.1):
    - AFNetworking/Reachability
    - AFNetworking/Security
    - AFNetworking/Serialization
  - AFNetworking/Reachability (4.0.1)
  - AFNetworking/Security (4.0.1)
  - AFNetworking/Serialization (4.0.1)
  - AFNetworking/UIKit (4.0.1):
    - AFNetworking/NSURLSession
  - AppAuth (1.6.2):
    - AppAuth/Core (= 1.6.2)
    - AppAuth/ExternalUserAgent (= 1.6.2)
  - AppAuth/Core (1.6.2)
  - AppAuth/ExternalUserAgent (1.6.2):
    - AppAuth/Core
  - bluetooth_enable_fork (0.1.4):
    - Flutter
  - camera (0.0.1):
    - Flutter
  - device_info_plus (0.0.1):
    - Flutter
  - DKImagePickerController/Core (4.3.4):
    - DKImagePickerController/ImageDataManager
    - DKImagePickerController/Resource
  - DKImagePickerController/ImageDataManager (4.3.4)
  - DKImagePickerController/PhotoGallery (4.3.4):
    - DKImagePickerController/Core
    - DKPhotoGallery
  - DKImagePickerController/Resource (4.3.4)
  - DKPhotoGallery (0.0.17):
    - DKPhotoGallery/Core (= 0.0.17)
    - DKPhotoGallery/Model (= 0.0.17)
    - DKPhotoGallery/Preview (= 0.0.17)
    - DKPhotoGallery/Resource (= 0.0.17)
    - SDWebImage
    - SwiftyGif
  - DKPhotoGallery/Core (0.0.17):
    - DKPhotoGallery/Model
    - DKPhotoGallery/Preview
    - SDWebImage
    - SwiftyGif
  - DKPhotoGallery/Model (0.0.17):
    - SDWebImage
    - SwiftyGif
  - DKPhotoGallery/Preview (0.0.17):
    - DKPhotoGallery/Model
    - DKPhotoGallery/Resource
    - SDWebImage
    - SwiftyGif
  - DKPhotoGallery/Resource (0.0.17):
    - SDWebImage
    - SwiftyGif
  - EasyPermissionX/Base (0.0.2)
  - EasyPermissionX/Bluetooth (0.0.2)
  - email_launcher (0.0.1):
    - Flutter
  - facebook_app_events (0.0.1):
    - FBAudienceNetwork (~> 6.12)
    - FBSDKCoreKit (~> 15.1)
    - Flutter
  - FBAEMKit (15.1.0):
    - FBSDKCoreKit_Basics (= 15.1.0)
  - FBAudienceNetwork (6.14.0)
  - FBSDKCoreKit (15.1.0):
    - FBAEMKit (= 15.1.0)
    - FBSDKCoreKit_Basics (= 15.1.0)
  - FBSDKCoreKit_Basics (15.1.0)
  - file_picker (0.0.1):
    - DKImagePickerController/PhotoGallery
    - Flutter
  - Firebase/Analytics (10.18.0):
    - Firebase/Core
  - Firebase/Auth (10.18.0):
    - Firebase/CoreOnly
    - FirebaseAuth (~> 10.18.0)
  - Firebase/Core (10.18.0):
    - Firebase/CoreOnly
    - FirebaseAnalytics (~> 10.18.0)
  - Firebase/CoreOnly (10.18.0):
    - FirebaseCore (= 10.18.0)
  - Firebase/DynamicLinks (10.18.0):
    - Firebase/CoreOnly
    - FirebaseDynamicLinks (~> 10.18.0)
  - Firebase/Installations (10.18.0):
    - Firebase/CoreOnly
    - FirebaseInstallations (~> 10.18.0)
  - Firebase/Messaging (10.18.0):
    - Firebase/CoreOnly
    - FirebaseMessaging (~> 10.18.0)
  - firebase_analytics (10.7.3):
    - Firebase/Analytics (= 10.18.0)
    - firebase_core
    - Flutter
  - firebase_auth (4.15.1):
    - Firebase/Auth (= 10.18.0)
    - firebase_core
    - Flutter
  - firebase_core (2.24.1):
    - Firebase/CoreOnly (= 10.18.0)
    - Flutter
  - firebase_dynamic_links (5.4.7):
    - Firebase/DynamicLinks (= 10.18.0)
    - firebase_core
    - Flutter
  - firebase_installations (16.3.6):
    - Firebase/Installations (= 10.18.0)
    - firebase_core
    - Flutter
  - firebase_messaging (14.7.7):
    - Firebase/Messaging (= 10.18.0)
    - firebase_core
    - Flutter
  - FirebaseAnalytics (10.18.0):
    - FirebaseAnalytics/AdIdSupport (= 10.18.0)
    - FirebaseCore (~> 10.0)
    - FirebaseInstallations (~> 10.0)
    - GoogleUtilities/AppDelegateSwizzler (~> 7.11)
    - GoogleUtilities/MethodSwizzler (~> 7.11)
    - GoogleUtilities/Network (~> 7.11)
    - "GoogleUtilities/NSData+zlib (~> 7.11)"
    - nanopb (< 2.30910.0, >= 2.30908.0)
  - FirebaseAnalytics/AdIdSupport (10.18.0):
    - FirebaseCore (~> 10.0)
    - FirebaseInstallations (~> 10.0)
    - GoogleAppMeasurement (= 10.18.0)
    - GoogleUtilities/AppDelegateSwizzler (~> 7.11)
    - GoogleUtilities/MethodSwizzler (~> 7.11)
    - GoogleUtilities/Network (~> 7.11)
    - "GoogleUtilities/NSData+zlib (~> 7.11)"
    - nanopb (< 2.30910.0, >= 2.30908.0)
  - FirebaseAppCheckInterop (10.19.0)
  - FirebaseAuth (10.18.0):
    - FirebaseAppCheckInterop (~> 10.17)
    - FirebaseCore (~> 10.0)
    - GoogleUtilities/AppDelegateSwizzler (~> 7.8)
    - GoogleUtilities/Environment (~> 7.8)
    - GTMSessionFetcher/Core (< 4.0, >= 2.1)
    - RecaptchaInterop (~> 100.0)
  - FirebaseCore (10.18.0):
    - FirebaseCoreInternal (~> 10.0)
    - GoogleUtilities/Environment (~> 7.12)
    - GoogleUtilities/Logger (~> 7.12)
  - FirebaseCoreInternal (10.19.0):
    - "GoogleUtilities/NSData+zlib (~> 7.8)"
  - FirebaseDynamicLinks (10.18.0):
    - FirebaseCore (~> 10.0)
  - FirebaseFirestore (10.18.0):
    - FirebaseFirestore/AutodetectLeveldb (= 10.18.0)
  - FirebaseFirestore/AutodetectLeveldb (10.18.0):
    - FirebaseFirestore/Base
    - FirebaseFirestore/WithLeveldb
  - FirebaseFirestore/Base (10.18.0)
  - FirebaseFirestore/WithLeveldb (10.18.0):
    - FirebaseFirestore/Base
  - FirebaseInstallations (10.18.0):
    - FirebaseCore (~> 10.0)
    - GoogleUtilities/Environment (~> 7.8)
    - GoogleUtilities/UserDefaults (~> 7.8)
    - PromisesObjC (~> 2.1)
  - FirebaseMessaging (10.18.0):
    - FirebaseCore (~> 10.0)
    - FirebaseInstallations (~> 10.0)
    - GoogleDataTransport (~> 9.2)
    - GoogleUtilities/AppDelegateSwizzler (~> 7.8)
    - GoogleUtilities/Environment (~> 7.8)
    - GoogleUtilities/Reachability (~> 7.8)
    - GoogleUtilities/UserDefaults (~> 7.8)
    - nanopb (< 2.30910.0, >= 2.30908.0)
  - Flutter (1.0.0)
  - flutter_app_badger (1.3.0):
    - Flutter
  - flutter_blue_plus (0.0.1):
    - Flutter
  - flutter_easy_permission (0.0.1):
    - EasyPermissionX/Base
    - Flutter
  - flutter_inappwebview (0.0.1):
    - Flutter
    - flutter_inappwebview/Core (= 0.0.1)
    - OrderedSet (~> 5.0)
  - flutter_inappwebview/Core (0.0.1):
    - Flutter
    - OrderedSet (~> 5.0)
  - flutter_local_notifications (0.0.1):
    - Flutter
  - flutter_localization (0.0.1):
    - Flutter
  - fluttertoast (0.0.2):
    - Flutter
    - Toast
  - FMDB (2.7.5):
    - FMDB/standard (= 2.7.5)
  - FMDB/standard (2.7.5)
  - geocoding_ios (1.0.5):
    - Flutter
  - geolocator_apple (1.2.0):
    - Flutter
  - google_maps_flutter_ios (0.0.1):
    - Flutter
    - GoogleMaps (< 9.0)
  - google_sign_in_ios (0.0.1):
    - Flutter
    - FlutterMacOS
    - GoogleSignIn (~> 7.0)
  - GoogleAppMeasurement (10.18.0):
    - GoogleAppMeasurement/AdIdSupport (= 10.18.0)
    - GoogleUtilities/AppDelegateSwizzler (~> 7.11)
    - GoogleUtilities/MethodSwizzler (~> 7.11)
    - GoogleUtilities/Network (~> 7.11)
    - "GoogleUtilities/NSData+zlib (~> 7.11)"
    - nanopb (< 2.30910.0, >= 2.30908.0)
  - GoogleAppMeasurement/AdIdSupport (10.18.0):
    - GoogleAppMeasurement/WithoutAdIdSupport (= 10.18.0)
    - GoogleUtilities/AppDelegateSwizzler (~> 7.11)
    - GoogleUtilities/MethodSwizzler (~> 7.11)
    - GoogleUtilities/Network (~> 7.11)
    - "GoogleUtilities/NSData+zlib (~> 7.11)"
    - nanopb (< 2.30910.0, >= 2.30908.0)
  - GoogleAppMeasurement/WithoutAdIdSupport (10.18.0):
    - GoogleUtilities/AppDelegateSwizzler (~> 7.11)
    - GoogleUtilities/MethodSwizzler (~> 7.11)
    - GoogleUtilities/Network (~> 7.11)
    - "GoogleUtilities/NSData+zlib (~> 7.11)"
    - nanopb (< 2.30910.0, >= 2.30908.0)
  - GoogleDataTransport (9.3.0):
    - GoogleUtilities/Environment (~> 7.7)
    - nanopb (< 2.30910.0, >= 2.30908.0)
    - PromisesObjC (< 3.0, >= 1.2)
  - GoogleMaps (8.3.1):
    - GoogleMaps/Maps (= 8.3.1)
  - GoogleMaps/Base (8.3.1)
  - GoogleMaps/Maps (8.3.1):
    - GoogleMaps/Base
  - GoogleSignIn (7.0.0):
    - AppAuth (~> 1.5)
    - GTMAppAuth (< 3.0, >= 1.3)
    - GTMSessionFetcher/Core (< 4.0, >= 1.1)
  - GoogleUtilities/AppDelegateSwizzler (7.12.0):
    - GoogleUtilities/Environment
    - GoogleUtilities/Logger
    - GoogleUtilities/Network
  - GoogleUtilities/Environment (7.12.0):
    - PromisesObjC (< 3.0, >= 1.2)
  - GoogleUtilities/Logger (7.12.0):
    - GoogleUtilities/Environment
  - GoogleUtilities/MethodSwizzler (7.12.0):
    - GoogleUtilities/Logger
  - GoogleUtilities/Network (7.12.0):
    - GoogleUtilities/Logger
    - "GoogleUtilities/NSData+zlib"
    - GoogleUtilities/Reachability
  - "GoogleUtilities/NSData+zlib (7.12.0)"
  - GoogleUtilities/Reachability (7.12.0):
    - GoogleUtilities/Logger
  - GoogleUtilities/UserDefaults (7.12.0):
    - GoogleUtilities/Logger
  - GTMAppAuth (2.0.0):
    - AppAuth/Core (~> 1.6)
    - GTMSessionFetcher/Core (< 4.0, >= 1.5)
  - GTMSessionFetcher/Core (3.2.0)
  - health (1.0.4):
    - Flutter
  - image_editor_common (1.0.0):
    - Flutter
  - image_picker_ios (0.0.1):
    - Flutter
  - integration_test (0.0.1):
    - Flutter
  - map_launcher (0.0.1):
    - Flutter
  - MTBBarcodeScanner (5.0.11)
  - nanopb (2.30909.1):
    - nanopb/decode (= 2.30909.1)
    - nanopb/encode (= 2.30909.1)
  - nanopb/decode (2.30909.1)
  - nanopb/encode (2.30909.1)
  - OrderedSet (5.0.0)
  - package_info_plus (0.4.5):
    - Flutter
  - path_provider_foundation (0.0.1):
    - Flutter
    - FlutterMacOS
  - permission_handler_apple (9.1.1):
    - Flutter
  - PromisesObjC (2.3.1)
  - Protobuf (3.25.1)
  - qr_code_scanner (0.2.0):
    - Flutter
    - MTBBarcodeScanner
  - RecaptchaInterop (100.0.0)
  - SDWebImage (5.18.7):
    - SDWebImage/Core (= 5.18.7)
  - SDWebImage/Core (5.18.7)
  - share_plus (0.0.1):
    - Flutter
  - shared_preferences_foundation (0.0.1):
    - Flutter
    - FlutterMacOS
  - sqflite (0.0.3):
    - Flutter
    - FMDB (>= 2.7.5)
  - store_redirect (0.0.1):
    - Flutter
  - SwiftyGif (5.4.4)
  - syncfusion_flutter_pdfviewer (0.0.1):
    - Flutter
  - Toast (4.0.0)
  - uni_links (0.0.1):
    - Flutter
  - url_launcher_ios (0.0.1):
    - Flutter
  - video_compress (0.3.0):
    - Flutter
  - video_player_avfoundation (0.0.1):
    - Flutter
    - FlutterMacOS
  - webview_flutter_wkwebview (0.0.1):
    - Flutter

DEPENDENCIES:
  - AFNetworking
  - bluetooth_enable_fork (from `.symlinks/plugins/bluetooth_enable_fork/ios`)
  - camera (from `.symlinks/plugins/camera/ios`)
  - device_info_plus (from `.symlinks/plugins/device_info_plus/ios`)
  - EasyPermissionX/Bluetooth
  - email_launcher (from `.symlinks/plugins/email_launcher/ios`)
  - facebook_app_events (from `.symlinks/plugins/facebook_app_events/ios`)
  - file_picker (from `.symlinks/plugins/file_picker/ios`)
  - firebase_analytics (from `.symlinks/plugins/firebase_analytics/ios`)
  - firebase_auth (from `.symlinks/plugins/firebase_auth/ios`)
  - firebase_core (from `.symlinks/plugins/firebase_core/ios`)
  - firebase_dynamic_links (from `.symlinks/plugins/firebase_dynamic_links/ios`)
  - firebase_installations (from `.symlinks/plugins/firebase_installations/ios`)
  - firebase_messaging (from `.symlinks/plugins/firebase_messaging/ios`)
  - FirebaseFirestore (from `https://github.com/invertase/firestore-ios-sdk-frameworks.git`, tag `10.18.0`)
  - Flutter (from `Flutter`)
  - flutter_app_badger (from `.symlinks/plugins/flutter_app_badger/ios`)
  - flutter_blue_plus (from `.symlinks/plugins/flutter_blue_plus/ios`)
  - flutter_easy_permission (from `.symlinks/plugins/flutter_easy_permission/ios`)
  - flutter_inappwebview (from `.symlinks/plugins/flutter_inappwebview/ios`)
  - flutter_local_notifications (from `.symlinks/plugins/flutter_local_notifications/ios`)
  - flutter_localization (from `.symlinks/plugins/flutter_localization/ios`)
  - fluttertoast (from `.symlinks/plugins/fluttertoast/ios`)
  - geocoding_ios (from `.symlinks/plugins/geocoding_ios/ios`)
  - geolocator_apple (from `.symlinks/plugins/geolocator_apple/ios`)
  - google_maps_flutter_ios (from `.symlinks/plugins/google_maps_flutter_ios/ios`)
  - google_sign_in_ios (from `.symlinks/plugins/google_sign_in_ios/darwin`)
  - health (from `.symlinks/plugins/health/ios`)
  - image_editor_common (from `.symlinks/plugins/image_editor_common/ios`)
  - image_picker_ios (from `.symlinks/plugins/image_picker_ios/ios`)
  - integration_test (from `.symlinks/plugins/integration_test/ios`)
  - map_launcher (from `.symlinks/plugins/map_launcher/ios`)
  - package_info_plus (from `.symlinks/plugins/package_info_plus/ios`)
  - path_provider_foundation (from `.symlinks/plugins/path_provider_foundation/darwin`)
  - permission_handler_apple (from `.symlinks/plugins/permission_handler_apple/ios`)
  - Protobuf
  - qr_code_scanner (from `.symlinks/plugins/qr_code_scanner/ios`)
  - share_plus (from `.symlinks/plugins/share_plus/ios`)
  - shared_preferences_foundation (from `.symlinks/plugins/shared_preferences_foundation/darwin`)
  - sqflite (from `.symlinks/plugins/sqflite/ios`)
  - store_redirect (from `.symlinks/plugins/store_redirect/ios`)
  - syncfusion_flutter_pdfviewer (from `.symlinks/plugins/syncfusion_flutter_pdfviewer/ios`)
  - uni_links (from `.symlinks/plugins/uni_links/ios`)
  - url_launcher_ios (from `.symlinks/plugins/url_launcher_ios/ios`)
  - video_compress (from `.symlinks/plugins/video_compress/ios`)
  - video_player_avfoundation (from `.symlinks/plugins/video_player_avfoundation/darwin`)
  - webview_flutter_wkwebview (from `.symlinks/plugins/webview_flutter_wkwebview/ios`)

SPEC REPOS:
  trunk:
    - AFNetworking
    - AppAuth
    - DKImagePickerController
    - DKPhotoGallery
    - EasyPermissionX
    - FBAEMKit
    - FBAudienceNetwork
    - FBSDKCoreKit
    - FBSDKCoreKit_Basics
    - Firebase
    - FirebaseAnalytics
    - FirebaseAppCheckInterop
    - FirebaseAuth
    - FirebaseCore
    - FirebaseCoreInternal
    - FirebaseDynamicLinks
    - FirebaseInstallations
    - FirebaseMessaging
    - FMDB
    - GoogleAppMeasurement
    - GoogleDataTransport
    - GoogleMaps
    - GoogleSignIn
    - GoogleUtilities
    - GTMAppAuth
    - GTMSessionFetcher
    - MTBBarcodeScanner
    - nanopb
    - OrderedSet
    - PromisesObjC
    - Protobuf
    - RecaptchaInterop
    - SDWebImage
    - SwiftyGif
    - Toast

EXTERNAL SOURCES:
  bluetooth_enable_fork:
    :path: ".symlinks/plugins/bluetooth_enable_fork/ios"
  camera:
    :path: ".symlinks/plugins/camera/ios"
  device_info_plus:
    :path: ".symlinks/plugins/device_info_plus/ios"
  email_launcher:
    :path: ".symlinks/plugins/email_launcher/ios"
  facebook_app_events:
    :path: ".symlinks/plugins/facebook_app_events/ios"
  file_picker:
    :path: ".symlinks/plugins/file_picker/ios"
  firebase_analytics:
    :path: ".symlinks/plugins/firebase_analytics/ios"
  firebase_auth:
    :path: ".symlinks/plugins/firebase_auth/ios"
  firebase_core:
    :path: ".symlinks/plugins/firebase_core/ios"
  firebase_dynamic_links:
    :path: ".symlinks/plugins/firebase_dynamic_links/ios"
  firebase_installations:
    :path: ".symlinks/plugins/firebase_installations/ios"
  firebase_messaging:
    :path: ".symlinks/plugins/firebase_messaging/ios"
  FirebaseFirestore:
    :git: https://github.com/invertase/firestore-ios-sdk-frameworks.git
    :tag: 10.18.0
  Flutter:
    :path: Flutter
  flutter_app_badger:
    :path: ".symlinks/plugins/flutter_app_badger/ios"
  flutter_blue_plus:
    :path: ".symlinks/plugins/flutter_blue_plus/ios"
  flutter_easy_permission:
    :path: ".symlinks/plugins/flutter_easy_permission/ios"
  flutter_inappwebview:
    :path: ".symlinks/plugins/flutter_inappwebview/ios"
  flutter_local_notifications:
    :path: ".symlinks/plugins/flutter_local_notifications/ios"
  flutter_localization:
    :path: ".symlinks/plugins/flutter_localization/ios"
  fluttertoast:
    :path: ".symlinks/plugins/fluttertoast/ios"
  geocoding_ios:
    :path: ".symlinks/plugins/geocoding_ios/ios"
  geolocator_apple:
    :path: ".symlinks/plugins/geolocator_apple/ios"
  google_maps_flutter_ios:
    :path: ".symlinks/plugins/google_maps_flutter_ios/ios"
  google_sign_in_ios:
    :path: ".symlinks/plugins/google_sign_in_ios/darwin"
  health:
    :path: ".symlinks/plugins/health/ios"
  image_editor_common:
    :path: ".symlinks/plugins/image_editor_common/ios"
  image_picker_ios:
    :path: ".symlinks/plugins/image_picker_ios/ios"
  integration_test:
    :path: ".symlinks/plugins/integration_test/ios"
  map_launcher:
    :path: ".symlinks/plugins/map_launcher/ios"
  package_info_plus:
    :path: ".symlinks/plugins/package_info_plus/ios"
  path_provider_foundation:
    :path: ".symlinks/plugins/path_provider_foundation/darwin"
  permission_handler_apple:
    :path: ".symlinks/plugins/permission_handler_apple/ios"
  qr_code_scanner:
    :path: ".symlinks/plugins/qr_code_scanner/ios"
  share_plus:
    :path: ".symlinks/plugins/share_plus/ios"
  shared_preferences_foundation:
    :path: ".symlinks/plugins/shared_preferences_foundation/darwin"
  sqflite:
    :path: ".symlinks/plugins/sqflite/ios"
  store_redirect:
    :path: ".symlinks/plugins/store_redirect/ios"
  syncfusion_flutter_pdfviewer:
    :path: ".symlinks/plugins/syncfusion_flutter_pdfviewer/ios"
  uni_links:
    :path: ".symlinks/plugins/uni_links/ios"
  url_launcher_ios:
    :path: ".symlinks/plugins/url_launcher_ios/ios"
  video_compress:
    :path: ".symlinks/plugins/video_compress/ios"
  video_player_avfoundation:
    :path: ".symlinks/plugins/video_player_avfoundation/darwin"
  webview_flutter_wkwebview:
    :path: ".symlinks/plugins/webview_flutter_wkwebview/ios"

CHECKOUT OPTIONS:
  FirebaseFirestore:
    :git: https://github.com/invertase/firestore-ios-sdk-frameworks.git
    :tag: 10.18.0

SPEC CHECKSUMS:
  AFNetworking: 3bd23d814e976cd148d7d44c3ab78017b744cd58
  AppAuth: 3bb1d1cd9340bd09f5ed189fb00b1cc28e1e8570
  bluetooth_enable_fork: 73b8ca6e67230a9baa04010cd5c1e824e00d2797
  camera: 9993f92f2c793e87b65e35f3a23c70582afb05b1
  device_info_plus: e5c5da33f982a436e103237c0c85f9031142abed
  DKImagePickerController: b512c28220a2b8ac7419f21c491fc8534b7601ac
  DKPhotoGallery: fdfad5125a9fdda9cc57df834d49df790dbb4179
  EasyPermissionX: ff4c438f6ee80488f873b4cb921e32d982523067
  email_launcher: 19e0f42a16a904ae74f399c4603c791a157bc6ec
  facebook_app_events: 1b116476dfbe0fbb66cb21419cf9a6f30b391057
  FBAEMKit: c7f82b5145d446bcbbcd50485c032689032fc6a2
  FBAudienceNetwork: 4d6223a9a88a22e9dca8c9e6c1829a8745b86228
  FBSDKCoreKit: 7542746fc63a2a38dd6a865eeb54268341f37b83
  FBSDKCoreKit_Basics: 92d6b26c0bed30ab09bbdd96dccaa26e6c9978d1
  file_picker: ce3938a0df3cc1ef404671531facef740d03f920
  Firebase: 414ad272f8d02dfbf12662a9d43f4bba9bec2a06
  firebase_analytics: 63c8ba049ae26031ce6964ffeae45dc8d82dba3e
  firebase_auth: d6737fa2721c9dfc57ca16a1bb57c244a4ae9332
  firebase_core: 3d2a3f6e075df5207950cc5577202ed2e6805d9e
  firebase_dynamic_links: 8bfa34aa12d121f47cc08bc0b46d7c299cfc36bf
  firebase_installations: 17df5cc8a6e3211fa903697461510b969e390ecc
  firebase_messaging: 2e76ab04fe78290b7c093a26c0d1fa754b0dfa58
  FirebaseAnalytics: 4d310b35c48eaa4a058ddc04bdca6bdb5dc0fe80
  FirebaseAppCheckInterop: 37884781f3e16a1ba47e7ec80a1e805f987788e3
  FirebaseAuth: 12314b438fa76048540c8fb86d6cfc9e08595176
  FirebaseCore: 2322423314d92f946219c8791674d2f3345b598f
  FirebaseCoreInternal: b444828ea7cfd594fca83046b95db98a2be4f290
  FirebaseDynamicLinks: c37307441c53838d66a9650dabca9e0459502527
  FirebaseFirestore: 2ef7b05383f9cb18ba2e7dee61035a6745e48051
  FirebaseInstallations: e842042ec6ac1fd2e37d7706363ebe7f662afea4
  FirebaseMessaging: 9bc34a98d2e0237e1b121915120d4d48ddcf301e
  Flutter: f04841e97a9d0b0a8025694d0796dd46242b2854
  flutter_app_badger: b87fc231847b03b92ce1412aa351842e7e97932f
  flutter_blue_plus: 4837da7d00cf5d441fdd6635b3a57f936778ea96
  flutter_easy_permission: c67b480f134ff748c069cac2d645f873de2b7880
  flutter_inappwebview: 3d32228f1304635e7c028b0d4252937730bbc6cf
  flutter_local_notifications: 0c0b1ae97e741e1521e4c1629a459d04b9aec743
  flutter_localization: f43b18844a2b3d2c71fd64f04ffd6b1e64dd54d4
  fluttertoast: 31b00dabfa7fb7bacd9e7dbee580d7a2ff4bf265
  FMDB: 2ce00b547f966261cd18927a3ddb07cb6f3db82a
  geocoding_ios: a389ea40f6f548de6e63006a2e31bf66ff80769a
  geolocator_apple: cc556e6844d508c95df1e87e3ea6fa4e58c50401
  google_maps_flutter_ios: 590249c67f34f422122c232f2a626192adbc78ee
  google_sign_in_ios: ede92ec558c3a73ec07cb180f31820152fb8ca89
  GoogleAppMeasurement: 70ce9aa438cff1cfb31ea3e660bcc67734cb716e
  GoogleDataTransport: 57c22343ab29bc686febbf7cbb13bad167c2d8fe
  GoogleMaps: b47b67bd63d708477d6ff457da2d695c0d8ceb5f
  GoogleSignIn: b232380cf495a429b8095d3178a8d5855b42e842
  GoogleUtilities: 0759d1a57ebb953965c2dfe0ba4c82e95ccc2e34
  GTMAppAuth: 99fb010047ba3973b7026e45393f51f27ab965ae
  GTMSessionFetcher: 41b9ef0b4c08a6db4b7eb51a21ae5183ec99a2c8
  health: 5a380c0f6c4f619535845992993964293962e99e
  image_editor_common: d6f6644ae4a6de80481e89fe6d0a8c49e30b4b43
  image_picker_ios: 4a8aadfbb6dc30ad5141a2ce3832af9214a705b5
  integration_test: 13825b8a9334a850581300559b8839134b124670
  map_launcher: e325db1261d029ff33e08e03baccffe09593ffea
  MTBBarcodeScanner: f453b33c4b7dfe545d8c6484ed744d55671788cb
  nanopb: d4d75c12cd1316f4a64e3c6963f879ecd4b5e0d5
  OrderedSet: aaeb196f7fef5a9edf55d89760da9176ad40b93c
  package_info_plus: 115f4ad11e0698c8c1c5d8a689390df880f47e85
  path_provider_foundation: 29f094ae23ebbca9d3d0cec13889cd9060c0e943
  permission_handler_apple: e76247795d700c14ea09e3a2d8855d41ee80a2e6
  PromisesObjC: c50d2056b5253dadbd6c2bea79b0674bd5a52fa4
  Protobuf: d94761c33f1239c0a43a0817ca1a5f7f7c900241
  qr_code_scanner: bb67d64904c3b9658ada8c402e8b4d406d5d796e
  RecaptchaInterop: 7d1a4a01a6b2cb1610a47ef3f85f0c411434cb21
  SDWebImage: f9258c58221ed854cfa0e2b80ee4033710b1c6d3
  share_plus: 056a1e8ac890df3e33cb503afffaf1e9b4fbae68
  shared_preferences_foundation: 5b919d13b803cadd15ed2dc053125c68730e5126
  sqflite: 31f7eba61e3074736dff8807a9b41581e4f7f15a
  store_redirect: 2977747cf81689a39bd62c248c2deacb7a0d131e
  SwiftyGif: 93a1cc87bf3a51916001cf8f3d63835fb64c819f
  syncfusion_flutter_pdfviewer: bb9998884b864cfedf72628df3503bdf57e397c0
  Toast: 91b396c56ee72a5790816f40d3a94dd357abc196
  uni_links: d97da20c7701486ba192624d99bffaaffcfc298a
  url_launcher_ios: bf5ce03e0e2088bad9cc378ea97fa0ed5b49673b
  video_compress: fce97e4fb1dfd88175aa07d2ffc8a2f297f87fbe
  video_player_avfoundation: e9e6f9cae7d7a6d9b43519b0aab382bca60fcfd1
  webview_flutter_wkwebview: b7e70ef1ddded7e69c796c7390ee74180182971f

PODFILE CHECKSUM: 3decd668e8ba23a5ac868df8535c47f44f5fc715

COCOAPODS: 1.14.3
